{
  "version": 4,
  "terraform_version": "1.5.7",
  "serial": 66,
  "lineage": "ae3d9f23-f89e-965c-a2fd-4a9ce43f794a",
  "outputs": {
    "result": {
      "value": [
        {
          "cidr": "192.168.0.0/24",
          "subnet_name": "subnet1",
          "vpc_id": "2b52ea25-056f-4961-9c2b-5f04ae04b9a6",
          "vpc_name": "vpc1"
        },
        {
          "cidr": "192.168.1.0/24",
          "subnet_name": "subnet2",
          "vpc_id": "2b52ea25-056f-4961-9c2b-5f04ae04b9a6",
          "vpc_name": "vpc1"
        },
        {
          "cidr": "172.16.0.0/24",
          "subnet_name": "subnet1",
          "vpc_id": "f9067e94-7387-4a71-851d-a7c8521206ca",
          "vpc_name": "vpc2"
        },
        {
          "cidr": "172.16.1.0/24",
          "subnet_name": "subnet2",
          "vpc_id": "f9067e94-7387-4a71-851d-a7c8521206ca",
          "vpc_name": "vpc2"
        }
      ],
      "type": [
        "tuple",
        [
          [
            "object",
            {
              "cidr": "string",
              "subnet_name": "string",
              "vpc_id": "string",
              "vpc_name": "string"
            }
          ],
          [
            "object",
            {
              "cidr": "string",
              "subnet_name": "string",
              "vpc_id": "string",
              "vpc_name": "string"
            }
          ],
          [
            "object",
            {
              "cidr": "string",
              "subnet_name": "string",
              "vpc_id": "string",
              "vpc_name": "string"
            }
          ],
          [
            "object",
            {
              "cidr": "string",
              "subnet_name": "string",
              "vpc_id": "string",
              "vpc_name": "string"
            }
          ]
        ]
      ]
    }
  },
  "resources": [
    {
      "mode": "managed",
      "type": "huaweicloud_vpc",
      "name": "this",
      "provider": "provider[\"registry.terraform.io/huaweicloud/huaweicloud\"]",
      "instances": [
        {
          "index_key": "vpc1",
          "schema_version": 0,
          "attributes": {
            "cidr": "192.168.0.0/16",
            "description": "",
            "enterprise_project_id": "0",
            "id": "2b52ea25-056f-4961-9c2b-5f04ae04b9a6",
            "name": "vpc1",
            "region": "ap-southeast-2",
            "routes": [],
            "secondary_cidr": null,
            "status": "OK",
            "tags": null,
            "timeouts": null
          },
          "sensitive_attributes": [],
          "private": "eyJlMmJmYjczMC1lY2FhLTExZTYtOGY4OC0zNDM2M2JjN2M0YzAiOnsiY3JlYXRlIjo2MDAwMDAwMDAwMDAsImRlbGV0ZSI6MTgwMDAwMDAwMDAwfX0="
        },
        {
          "index_key": "vpc2",
          "schema_version": 0,
          "attributes": {
            "cidr": "172.16.0.0/16",
            "description": "",
            "enterprise_project_id": "0",
            "id": "f9067e94-7387-4a71-851d-a7c8521206ca",
            "name": "vpc2",
            "region": "ap-southeast-2",
            "routes": [],
            "secondary_cidr": null,
            "status": "OK",
            "tags": null,
            "timeouts": null
          },
          "sensitive_attributes": [],
          "private": "eyJlMmJmYjczMC1lY2FhLTExZTYtOGY4OC0zNDM2M2JjN2M0YzAiOnsiY3JlYXRlIjo2MDAwMDAwMDAwMDAsImRlbGV0ZSI6MTgwMDAwMDAwMDAwfX0="
        }
      ]
    },
    {
      "mode": "managed",
      "type": "huaweicloud_vpc_subnet",
      "name": "this",
      "provider": "provider[\"registry.terraform.io/huaweicloud/huaweicloud\"]",
      "instances": [
        {
          "index_key": "vpc1 + subnet1",
          "schema_version": 0,
          "attributes": {
            "availability_zone": "",
            "cidr": "192.168.0.0/24",
            "description": "",
            "dhcp_enable": true,
            "dhcp_lease_time": null,
            "dns_list": [
              "100.125.1.250",
              "100.125.1.251"
            ],
            "gateway_ip": "192.168.0.1",
            "id": "0e99a714-2598-4908-bffc-d30841af2b8a",
            "ipv4_subnet_id": "15c60803-eb57-46da-bc90-3afc2f793f9d",
            "ipv6_cidr": "",
            "ipv6_enable": false,
            "ipv6_gateway": "",
            "ipv6_subnet_id": "",
            "name": "subnet1",
            "ntp_server_address": null,
            "primary_dns": "100.125.1.250",
            "region": "ap-southeast-2",
            "secondary_dns": "100.125.1.251",
            "subnet_id": "15c60803-eb57-46da-bc90-3afc2f793f9d",
            "tags": null,
            "timeouts": null,
            "vpc_id": "2b52ea25-056f-4961-9c2b-5f04ae04b9a6"
          },
          "sensitive_attributes": [],
          "private": "eyJlMmJmYjczMC1lY2FhLTExZTYtOGY4OC0zNDM2M2JjN2M0YzAiOnsiY3JlYXRlIjozMDAwMDAwMDAwMDAsImRlbGV0ZSI6MzAwMDAwMDAwMDAwfX0=",
          "dependencies": [
            "huaweicloud_vpc.this"
          ]
        },
        {
          "index_key": "vpc1 + subnet2",
          "schema_version": 0,
          "attributes": {
            "availability_zone": "",
            "cidr": "192.168.1.0/24",
            "description": "",
            "dhcp_enable": true,
            "dhcp_lease_time": null,
            "dns_list": [
              "100.125.1.250",
              "100.125.1.251"
            ],
            "gateway_ip": "192.168.1.1",
            "id": "10384ecf-211a-4fd0-bec4-3d6630c01780",
            "ipv4_subnet_id": "d703034d-0b0d-4d7c-80c3-a14a6bd5f134",
            "ipv6_cidr": "",
            "ipv6_enable": false,
            "ipv6_gateway": "",
            "ipv6_subnet_id": "",
            "name": "subnet2",
            "ntp_server_address": null,
            "primary_dns": "100.125.1.250",
            "region": "ap-southeast-2",
            "secondary_dns": "100.125.1.251",
            "subnet_id": "d703034d-0b0d-4d7c-80c3-a14a6bd5f134",
            "tags": null,
            "timeouts": null,
            "vpc_id": "2b52ea25-056f-4961-9c2b-5f04ae04b9a6"
          },
          "sensitive_attributes": [],
          "private": "eyJlMmJmYjczMC1lY2FhLTExZTYtOGY4OC0zNDM2M2JjN2M0YzAiOnsiY3JlYXRlIjozMDAwMDAwMDAwMDAsImRlbGV0ZSI6MzAwMDAwMDAwMDAwfX0=",
          "dependencies": [
            "huaweicloud_vpc.this"
          ]
        },
        {
          "index_key": "vpc2 + subnet1",
          "schema_version": 0,
          "attributes": {
            "availability_zone": "",
            "cidr": "172.16.0.0/24",
            "description": "",
            "dhcp_enable": true,
            "dhcp_lease_time": null,
            "dns_list": [
              "100.125.1.250",
              "100.125.1.251"
            ],
            "gateway_ip": "172.16.0.1",
            "id": "9a3810a0-d728-496c-b38d-efce0b19fa46",
            "ipv4_subnet_id": "5c6ef156-0a83-4bcd-a181-e16c8ac1bade",
            "ipv6_cidr": "",
            "ipv6_enable": false,
            "ipv6_gateway": "",
            "ipv6_subnet_id": "",
            "name": "subnet1",
            "ntp_server_address": null,
            "primary_dns": "100.125.1.250",
            "region": "ap-southeast-2",
            "secondary_dns": "100.125.1.251",
            "subnet_id": "5c6ef156-0a83-4bcd-a181-e16c8ac1bade",
            "tags": null,
            "timeouts": null,
            "vpc_id": "f9067e94-7387-4a71-851d-a7c8521206ca"
          },
          "sensitive_attributes": [],
          "private": "eyJlMmJmYjczMC1lY2FhLTExZTYtOGY4OC0zNDM2M2JjN2M0YzAiOnsiY3JlYXRlIjozMDAwMDAwMDAwMDAsImRlbGV0ZSI6MzAwMDAwMDAwMDAwfX0=",
          "dependencies": [
            "huaweicloud_vpc.this"
          ]
        },
        {
          "index_key": "vpc2 + subnet2",
          "schema_version": 0,
          "attributes": {
            "availability_zone": "",
            "cidr": "172.16.1.0/24",
            "description": "",
            "dhcp_enable": true,
            "dhcp_lease_time": null,
            "dns_list": [
              "100.125.1.250",
              "100.125.1.251"
            ],
            "gateway_ip": "172.16.1.1",
            "id": "d5e595d3-b655-4331-8c21-b6551da29dc0",
            "ipv4_subnet_id": "690968b8-5a4e-42d8-b2b0-9916b696bcb1",
            "ipv6_cidr": "",
            "ipv6_enable": false,
            "ipv6_gateway": "",
            "ipv6_subnet_id": "",
            "name": "subnet2",
            "ntp_server_address": null,
            "primary_dns": "100.125.1.250",
            "region": "ap-southeast-2",
            "secondary_dns": "100.125.1.251",
            "subnet_id": "690968b8-5a4e-42d8-b2b0-9916b696bcb1",
            "tags": null,
            "timeouts": null,
            "vpc_id": "f9067e94-7387-4a71-851d-a7c8521206ca"
          },
          "sensitive_attributes": [],
          "private": "eyJlMmJmYjczMC1lY2FhLTExZTYtOGY4OC0zNDM2M2JjN2M0YzAiOnsiY3JlYXRlIjozMDAwMDAwMDAwMDAsImRlbGV0ZSI6MzAwMDAwMDAwMDAwfX0=",
          "dependencies": [
            "huaweicloud_vpc.this"
          ]
        }
      ]
    }
  ],
  "check_results": null
}
