{
  "version": 4,
  "terraform_version": "1.5.6",
  "serial": 48,
  "lineage": "91dcd7c8-f58b-415c-6060-cd7277648db5",
  "outputs": {},
  "resources": [
    {
      "module": "module.lts_groups",
      "mode": "managed",
      "type": "huaweicloud_lts_group",
      "name": "this",
      "provider": "provider[\"registry.terraform.io/huaweicloud/huaweicloud\"]",
      "instances": [
        {
          "index_key": "lts_group_1",
          "schema_version": 0,
          "attributes": {
            "group_name": "lts-group-1",
            "id": "af272c3e-460f-4893-b9cc-dbd945453fda",
            "region": null,
            "ttl_in_days": 30
          },
          "sensitive_attributes": [],
          "private": "bnVsbA=="
        },
        {
          "index_key": "lts_group_2",
          "schema_version": 0,
          "attributes": {
            "group_name": "lts-group-2",
            "id": "262bc9ca-a8e8-40a7-a620-0f2768fee383",
            "region": null,
            "ttl_in_days": 30
          },
          "sensitive_attributes": [],
          "private": "bnVsbA=="
        }
      ]
    },
    {
      "module": "module.lts_groups",
      "mode": "managed",
      "type": "huaweicloud_lts_stream",
      "name": "this",
      "provider": "provider[\"registry.terraform.io/huaweicloud/huaweicloud\"]",
      "instances": [
        {
          "index_key": "lts_stream_1_1",
          "schema_version": 0,
          "attributes": {
            "filter_count": 0,
            "group_id": "af272c3e-460f-4893-b9cc-dbd945453fda",
            "id": "b0994144-fb89-4232-83ae-ddc6c0fe91ec",
            "region": null,
            "stream_name": "lts-stream-1-1"
          },
          "sensitive_attributes": [],
          "private": "bnVsbA==",
          "dependencies": [
            "module.lts_groups.huaweicloud_lts_group.this"
          ]
        },
        {
          "index_key": "lts_stream_1_2",
          "schema_version": 0,
          "attributes": {
            "filter_count": 0,
            "group_id": "af272c3e-460f-4893-b9cc-dbd945453fda",
            "id": "15f11dfc-b2b3-4053-bb4e-ce4662a88464",
            "region": null,
            "stream_name": "lts-stream-1-2"
          },
          "sensitive_attributes": [],
          "private": "bnVsbA==",
          "dependencies": [
            "module.lts_groups.huaweicloud_lts_group.this"
          ]
        },
        {
          "index_key": "lts_stream_1_3",
          "schema_version": 0,
          "attributes": {
            "filter_count": 0,
            "group_id": "af272c3e-460f-4893-b9cc-dbd945453fda",
            "id": "fafec167-1648-4d2c-bda0-0aace56ccdb4",
            "region": null,
            "stream_name": "lts-stream-1-3"
          },
          "sensitive_attributes": [],
          "private": "bnVsbA==",
          "dependencies": [
            "module.lts_groups.huaweicloud_lts_group.this"
          ]
        },
        {
          "index_key": "lts_stream_2_1",
          "schema_version": 0,
          "attributes": {
            "filter_count": 0,
            "group_id": "262bc9ca-a8e8-40a7-a620-0f2768fee383",
            "id": "6745ffb7-2903-4801-876a-04fa327be0f1",
            "region": null,
            "stream_name": "lts-stream-2-1"
          },
          "sensitive_attributes": [],
          "private": "bnVsbA==",
          "dependencies": [
            "module.lts_groups.huaweicloud_lts_group.this"
          ]
        },
        {
          "index_key": "lts_stream_2_2",
          "schema_version": 0,
          "attributes": {
            "filter_count": 0,
            "group_id": "262bc9ca-a8e8-40a7-a620-0f2768fee383",
            "id": "be9398ef-43ee-4933-9546-13ac787ae0c0",
            "region": null,
            "stream_name": "lts-stream-2-2"
          },
          "sensitive_attributes": [],
          "private": "bnVsbA==",
          "dependencies": [
            "module.lts_groups.huaweicloud_lts_group.this"
          ]
        },
        {
          "index_key": "lts_stream_2_3",
          "schema_version": 0,
          "attributes": {
            "filter_count": 0,
            "group_id": "262bc9ca-a8e8-40a7-a620-0f2768fee383",
            "id": "067b2e95-32e4-4208-be32-b6b26d14a03a",
            "region": null,
            "stream_name": "lts-stream-2-3"
          },
          "sensitive_attributes": [],
          "private": "bnVsbA==",
          "dependencies": [
            "module.lts_groups.huaweicloud_lts_group.this"
          ]
        }
      ]
    }
  ],
  "check_results": null
}
