{
  "version": 4,
  "terraform_version": "1.5.7",
  "serial": 11,
  "lineage": "42eaf1c7-98fc-6643-04c8-98b0cb4c4be5",
  "outputs": {},
  "resources": [
    {
      "module": "module.vpcs",
      "mode": "managed",
      "type": "huaweicloud_vpc",
      "name": "this",
      "provider": "provider[\"registry.terraform.io/huaweicloud/huaweicloud\"]",
      "instances": [
        {
          "index_key": "vpc1",
          "schema_version": 0,
          "attributes": {
            "cidr": "192.168.0.0/16",
            "description": "",
            "enterprise_project_id": "0",
            "id": "5cb57033-1ea6-4646-b169-3cd5ca9b0337",
            "name": "vpc-11",
            "region": "ap-southeast-2",
            "routes": [],
            "secondary_cidr": null,
            "status": "OK",
            "tags": {},
            "timeouts": null
          },
          "sensitive_attributes": [],
          "private": "eyJlMmJmYjczMC1lY2FhLTExZTYtOGY4OC0zNDM2M2JjN2M0YzAiOnsiY3JlYXRlIjo2MDAwMDAwMDAwMDAsImRlbGV0ZSI6MTgwMDAwMDAwMDAwfX0="
        },
        {
          "index_key": "vpc2",
          "schema_version": 0,
          "attributes": {
            "cidr": "172.16.0.0/16",
            "description": "",
            "enterprise_project_id": "0",
            "id": "44bcc179-c520-471b-a18a-263384d13cae",
            "name": "vpc-2",
            "region": "ap-southeast-2",
            "routes": [],
            "secondary_cidr": null,
            "status": "OK",
            "tags": {},
            "timeouts": null
          },
          "sensitive_attributes": [],
          "private": "eyJlMmJmYjczMC1lY2FhLTExZTYtOGY4OC0zNDM2M2JjN2M0YzAiOnsiY3JlYXRlIjo2MDAwMDAwMDAwMDAsImRlbGV0ZSI6MTgwMDAwMDAwMDAwfX0="
        }
      ]
    },
    {
      "module": "module.vpcs",
      "mode": "managed",
      "type": "huaweicloud_vpc_subnet",
      "name": "this",
      "provider": "provider[\"registry.terraform.io/huaweicloud/huaweicloud\"]",
      "instances": [
        {
          "index_key": "vpc1.subnet11",
          "schema_version": 0,
          "attributes": {
            "availability_zone": "",
            "cidr": "192.168.0.0/24",
            "description": "",
            "dhcp_enable": true,
            "dhcp_lease_time": null,
            "dns_list": [
              "100.125.1.250",
              "100.125.1.251"
            ],
            "gateway_ip": "192.168.0.1",
            "id": "669b8a1d-009b-4b67-95bd-73ca259632b0",
            "ipv4_subnet_id": "65ee9987-9e8e-43ee-8a1e-d86c95c8803f",
            "ipv6_cidr": "",
            "ipv6_enable": false,
            "ipv6_gateway": "",
            "ipv6_subnet_id": "",
            "name": "subnet-1-1-1",
            "ntp_server_address": null,
            "primary_dns": "100.125.1.250",
            "region": "ap-southeast-2",
            "secondary_dns": "100.125.1.251",
            "subnet_id": "65ee9987-9e8e-43ee-8a1e-d86c95c8803f",
            "tags": {},
            "timeouts": null,
            "vpc_id": "5cb57033-1ea6-4646-b169-3cd5ca9b0337"
          },
          "sensitive_attributes": [],
          "private": "eyJlMmJmYjczMC1lY2FhLTExZTYtOGY4OC0zNDM2M2JjN2M0YzAiOnsiY3JlYXRlIjozMDAwMDAwMDAwMDAsImRlbGV0ZSI6MzAwMDAwMDAwMDAwfX0=",
          "dependencies": [
            "module.vpcs.huaweicloud_vpc.this"
          ]
        },
        {
          "index_key": "vpc1.subnet12",
          "schema_version": 0,
          "attributes": {
            "availability_zone": "",
            "cidr": "192.168.1.0/24",
            "description": "",
            "dhcp_enable": true,
            "dhcp_lease_time": null,
            "dns_list": [
              "100.125.1.250",
              "100.125.1.251"
            ],
            "gateway_ip": "192.168.1.1",
            "id": "f5353a41-7704-4f91-9710-8cb047a0ed37",
            "ipv4_subnet_id": "aab5a97a-c5e3-40ee-95ea-2598f09ea8af",
            "ipv6_cidr": "",
            "ipv6_enable": false,
            "ipv6_gateway": "",
            "ipv6_subnet_id": "",
            "name": "subnet-1-2",
            "ntp_server_address": null,
            "primary_dns": "100.125.1.250",
            "region": "ap-southeast-2",
            "secondary_dns": "100.125.1.251",
            "subnet_id": "aab5a97a-c5e3-40ee-95ea-2598f09ea8af",
            "tags": {},
            "timeouts": null,
            "vpc_id": "5cb57033-1ea6-4646-b169-3cd5ca9b0337"
          },
          "sensitive_attributes": [],
          "private": "eyJlMmJmYjczMC1lY2FhLTExZTYtOGY4OC0zNDM2M2JjN2M0YzAiOnsiY3JlYXRlIjozMDAwMDAwMDAwMDAsImRlbGV0ZSI6MzAwMDAwMDAwMDAwfX0=",
          "dependencies": [
            "module.vpcs.huaweicloud_vpc.this"
          ]
        },
        {
          "index_key": "vpc2.subnet21",
          "schema_version": 0,
          "attributes": {
            "availability_zone": "",
            "cidr": "172.16.0.0/24",
            "description": "",
            "dhcp_enable": true,
            "dhcp_lease_time": null,
            "dns_list": [
              "100.125.1.250",
              "100.125.1.251"
            ],
            "gateway_ip": "172.16.0.1",
            "id": "33d14fc7-8f3c-4e09-b51d-d83857fdadf2",
            "ipv4_subnet_id": "a42cd109-69ea-40de-bf9e-11f257db8865",
            "ipv6_cidr": "",
            "ipv6_enable": false,
            "ipv6_gateway": "",
            "ipv6_subnet_id": "",
            "name": "subnet-2-1",
            "ntp_server_address": null,
            "primary_dns": "100.125.1.250",
            "region": "ap-southeast-2",
            "secondary_dns": "100.125.1.251",
            "subnet_id": "a42cd109-69ea-40de-bf9e-11f257db8865",
            "tags": {},
            "timeouts": null,
            "vpc_id": "44bcc179-c520-471b-a18a-263384d13cae"
          },
          "sensitive_attributes": [],
          "private": "eyJlMmJmYjczMC1lY2FhLTExZTYtOGY4OC0zNDM2M2JjN2M0YzAiOnsiY3JlYXRlIjozMDAwMDAwMDAwMDAsImRlbGV0ZSI6MzAwMDAwMDAwMDAwfX0=",
          "dependencies": [
            "module.vpcs.huaweicloud_vpc.this"
          ]
        },
        {
          "index_key": "vpc2.subnet22",
          "schema_version": 0,
          "attributes": {
            "availability_zone": "",
            "cidr": "172.16.1.0/24",
            "description": "",
            "dhcp_enable": true,
            "dhcp_lease_time": null,
            "dns_list": [
              "100.125.1.250",
              "100.125.1.251"
            ],
            "gateway_ip": "172.16.1.1",
            "id": "9e0c661f-7f0d-49b5-a3e1-3c61bf8b5c6f",
            "ipv4_subnet_id": "36bc58cf-440b-4577-8b66-feea78b03134",
            "ipv6_cidr": "",
            "ipv6_enable": false,
            "ipv6_gateway": "",
            "ipv6_subnet_id": "",
            "name": "subnet-2-2",
            "ntp_server_address": null,
            "primary_dns": "100.125.1.250",
            "region": "ap-southeast-2",
            "secondary_dns": "100.125.1.251",
            "subnet_id": "36bc58cf-440b-4577-8b66-feea78b03134",
            "tags": {},
            "timeouts": null,
            "vpc_id": "44bcc179-c520-471b-a18a-263384d13cae"
          },
          "sensitive_attributes": [],
          "private": "eyJlMmJmYjczMC1lY2FhLTExZTYtOGY4OC0zNDM2M2JjN2M0YzAiOnsiY3JlYXRlIjozMDAwMDAwMDAwMDAsImRlbGV0ZSI6MzAwMDAwMDAwMDAwfX0=",
          "dependencies": [
            "module.vpcs.huaweicloud_vpc.this"
          ]
        }
      ]
    }
  ],
  "check_results": null
}
