{
  "version": 4,
  "terraform_version": "1.5.7",
  "serial": 28,
  "lineage": "42eaf1c7-98fc-6643-04c8-98b0cb4c4be5",
  "outputs": {},
  "resources": [
    {
      "module": "module.vpcs",
      "mode": "data",
      "type": "huaweicloud_enterprise_project",
      "name": "this",
      "provider": "provider[\"registry.terraform.io/huaweicloud/huaweicloud\"]",
      "instances": [
        {
          "index_key": "vpc1",
          "schema_version": 0,
          "attributes": {
            "created_at": "2023-09-16T12:01:47Z",
            "description": "This is the DEV enterprise project",
            "id": "0c2858bf-7c81-46b8-b270-ac54579f3a19",
            "name": "dev",
            "status": 2,
            "updated_at": "2023-09-16T12:09:59Z"
          },
          "sensitive_attributes": []
        },
        {
          "index_key": "vpc2",
          "schema_version": 0,
          "attributes": {
            "created_at": "",
            "description": "",
            "id": "0",
            "name": "default",
            "status": 1,
            "updated_at": ""
          },
          "sensitive_attributes": []
        }
      ]
    },
    {
      "module": "module.vpcs",
      "mode": "managed",
      "type": "huaweicloud_vpc",
      "name": "this",
      "provider": "provider[\"registry.terraform.io/huaweicloud/huaweicloud\"]",
      "instances": [
        {
          "index_key": "vpc1",
          "schema_version": 0,
          "attributes": {
            "cidr": "192.168.0.0/16",
            "description": "",
            "enterprise_project_id": "0",
            "id": "ed9745a9-49c0-4faf-bef5-774dc3cbc862",
            "name": "vpc-11",
            "region": "ap-southeast-2",
            "routes": [],
            "secondary_cidr": null,
            "status": "OK",
            "tags": null,
            "timeouts": null
          },
          "sensitive_attributes": [],
          "private": "eyJlMmJmYjczMC1lY2FhLTExZTYtOGY4OC0zNDM2M2JjN2M0YzAiOnsiY3JlYXRlIjo2MDAwMDAwMDAwMDAsImRlbGV0ZSI6MTgwMDAwMDAwMDAwfX0="
        },
        {
          "index_key": "vpc2",
          "schema_version": 0,
          "attributes": {
            "cidr": "172.16.0.0/16",
            "description": "",
            "enterprise_project_id": "0",
            "id": "1aeb1663-3021-4686-9603-95d83bb454bc",
            "name": "vpc-2",
            "region": "ap-southeast-2",
            "routes": [],
            "secondary_cidr": null,
            "status": "OK",
            "tags": null,
            "timeouts": null
          },
          "sensitive_attributes": [],
          "private": "eyJlMmJmYjczMC1lY2FhLTExZTYtOGY4OC0zNDM2M2JjN2M0YzAiOnsiY3JlYXRlIjo2MDAwMDAwMDAwMDAsImRlbGV0ZSI6MTgwMDAwMDAwMDAwfX0="
        }
      ]
    },
    {
      "module": "module.vpcs",
      "mode": "managed",
      "type": "huaweicloud_vpc_subnet",
      "name": "this",
      "provider": "provider[\"registry.terraform.io/huaweicloud/huaweicloud\"]",
      "instances": [
        {
          "index_key": "vpc1.subnet11",
          "schema_version": 0,
          "attributes": {
            "availability_zone": "",
            "cidr": "192.168.0.0/24",
            "description": "",
            "dhcp_enable": true,
            "dhcp_lease_time": null,
            "dns_list": [
              "100.125.1.250",
              "100.125.1.251"
            ],
            "gateway_ip": "192.168.0.1",
            "id": "a0a4785f-45e0-48a0-b50c-68703e8443e2",
            "ipv4_subnet_id": "73a621bb-5525-40e5-a028-b7b7f1e080be",
            "ipv6_cidr": "",
            "ipv6_enable": false,
            "ipv6_gateway": "",
            "ipv6_subnet_id": "",
            "name": "subnet-1-1-1",
            "ntp_server_address": null,
            "primary_dns": "100.125.1.250",
            "region": "ap-southeast-2",
            "secondary_dns": "100.125.1.251",
            "subnet_id": "73a621bb-5525-40e5-a028-b7b7f1e080be",
            "tags": null,
            "timeouts": null,
            "vpc_id": "ed9745a9-49c0-4faf-bef5-774dc3cbc862"
          },
          "sensitive_attributes": [],
          "private": "eyJlMmJmYjczMC1lY2FhLTExZTYtOGY4OC0zNDM2M2JjN2M0YzAiOnsiY3JlYXRlIjozMDAwMDAwMDAwMDAsImRlbGV0ZSI6MzAwMDAwMDAwMDAwfX0=",
          "dependencies": [
            "module.vpcs.huaweicloud_vpc.this"
          ]
        },
        {
          "index_key": "vpc1.subnet12",
          "schema_version": 0,
          "attributes": {
            "availability_zone": "",
            "cidr": "192.168.1.0/24",
            "description": "",
            "dhcp_enable": true,
            "dhcp_lease_time": null,
            "dns_list": [
              "100.125.1.250",
              "100.125.1.251"
            ],
            "gateway_ip": "192.168.1.1",
            "id": "afdb7ed4-75e4-4bdf-bce6-c2db214b3a3a",
            "ipv4_subnet_id": "4b8a0be1-b19f-4ccc-bf0e-9d2e0cf1ba26",
            "ipv6_cidr": "",
            "ipv6_enable": false,
            "ipv6_gateway": "",
            "ipv6_subnet_id": "",
            "name": "subnet-1-2",
            "ntp_server_address": null,
            "primary_dns": "100.125.1.250",
            "region": "ap-southeast-2",
            "secondary_dns": "100.125.1.251",
            "subnet_id": "4b8a0be1-b19f-4ccc-bf0e-9d2e0cf1ba26",
            "tags": null,
            "timeouts": null,
            "vpc_id": "ed9745a9-49c0-4faf-bef5-774dc3cbc862"
          },
          "sensitive_attributes": [],
          "private": "eyJlMmJmYjczMC1lY2FhLTExZTYtOGY4OC0zNDM2M2JjN2M0YzAiOnsiY3JlYXRlIjozMDAwMDAwMDAwMDAsImRlbGV0ZSI6MzAwMDAwMDAwMDAwfX0=",
          "dependencies": [
            "module.vpcs.huaweicloud_vpc.this"
          ]
        },
        {
          "index_key": "vpc2.subnet21",
          "schema_version": 0,
          "attributes": {
            "availability_zone": "",
            "cidr": "172.16.0.0/24",
            "description": "",
            "dhcp_enable": true,
            "dhcp_lease_time": null,
            "dns_list": [
              "100.125.1.250",
              "100.125.1.251"
            ],
            "gateway_ip": "172.16.0.1",
            "id": "4c1f137d-c879-4c3d-a178-905a78088e4c",
            "ipv4_subnet_id": "dc53cf3e-2968-4a62-9842-e77be83373b6",
            "ipv6_cidr": "",
            "ipv6_enable": false,
            "ipv6_gateway": "",
            "ipv6_subnet_id": "",
            "name": "subnet-2-1",
            "ntp_server_address": null,
            "primary_dns": "100.125.1.250",
            "region": "ap-southeast-2",
            "secondary_dns": "100.125.1.251",
            "subnet_id": "dc53cf3e-2968-4a62-9842-e77be83373b6",
            "tags": null,
            "timeouts": null,
            "vpc_id": "1aeb1663-3021-4686-9603-95d83bb454bc"
          },
          "sensitive_attributes": [],
          "private": "eyJlMmJmYjczMC1lY2FhLTExZTYtOGY4OC0zNDM2M2JjN2M0YzAiOnsiY3JlYXRlIjozMDAwMDAwMDAwMDAsImRlbGV0ZSI6MzAwMDAwMDAwMDAwfX0=",
          "dependencies": [
            "module.vpcs.huaweicloud_vpc.this"
          ]
        },
        {
          "index_key": "vpc2.subnet22",
          "schema_version": 0,
          "attributes": {
            "availability_zone": "",
            "cidr": "172.16.1.0/24",
            "description": "",
            "dhcp_enable": true,
            "dhcp_lease_time": null,
            "dns_list": [
              "100.125.1.250",
              "100.125.1.251"
            ],
            "gateway_ip": "172.16.1.1",
            "id": "b95f03e1-2cde-4499-9349-e91e30016902",
            "ipv4_subnet_id": "abb759a7-78a9-42ea-ac7a-5169a70d84e7",
            "ipv6_cidr": "",
            "ipv6_enable": false,
            "ipv6_gateway": "",
            "ipv6_subnet_id": "",
            "name": "subnet-2-2",
            "ntp_server_address": null,
            "primary_dns": "100.125.1.250",
            "region": "ap-southeast-2",
            "secondary_dns": "100.125.1.251",
            "subnet_id": "abb759a7-78a9-42ea-ac7a-5169a70d84e7",
            "tags": null,
            "timeouts": null,
            "vpc_id": "1aeb1663-3021-4686-9603-95d83bb454bc"
          },
          "sensitive_attributes": [],
          "private": "eyJlMmJmYjczMC1lY2FhLTExZTYtOGY4OC0zNDM2M2JjN2M0YzAiOnsiY3JlYXRlIjozMDAwMDAwMDAwMDAsImRlbGV0ZSI6MzAwMDAwMDAwMDAwfX0=",
          "dependencies": [
            "module.vpcs.huaweicloud_vpc.this"
          ]
        }
      ]
    }
  ],
  "check_results": null
}
