{
  "version": 4,
  "terraform_version": "1.5.7",
  "serial": 12,
  "lineage": "5017fa38-cc70-a124-5e40-3947aae67882",
  "outputs": {
    "eps_ids": {
      "value": {
        "dev": "c8e642cd-72d0-4796-88c3-e635379bab3c",
        "sit": "405bea8b-22be-4778-9095-003c0acc3ec7"
      },
      "type": [
        "object",
        {
          "dev": "string",
          "sit": "string"
        }
      ]
    }
  },
  "resources": [
    {
      "module": "module.eps",
      "mode": "managed",
      "type": "huaweicloud_enterprise_project",
      "name": "this",
      "provider": "provider[\"registry.terraform.io/huaweicloud/huaweicloud\"]",
      "instances": [
        {
          "index_key": "dev",
          "schema_version": 0,
          "attributes": {
            "created_at": "2023-09-20T07:32:43Z",
            "description": "dev enterprise project",
            "enable": true,
            "id": "c8e642cd-72d0-4796-88c3-e635379bab3c",
            "name": "dev",
            "skip_disable_on_destroy": null,
            "status": 1,
            "timeouts": null,
            "type": "prod",
            "updated_at": "2023-09-20T07:32:43Z"
          },
          "sensitive_attributes": [],
          "private": "eyJlMmJmYjczMC1lY2FhLTExZTYtOGY4OC0zNDM2M2JjN2M0YzAiOnsiY3JlYXRlIjozMDAwMDAwMDAwMDAsImRlbGV0ZSI6MzAwMDAwMDAwMDAwLCJ1cGRhdGUiOjMwMDAwMDAwMDAwMH19"
        },
        {
          "index_key": "sit",
          "schema_version": 0,
          "attributes": {
            "created_at": "2023-09-20T07:32:43Z",
            "description": "sit enterprise project",
            "enable": true,
            "id": "405bea8b-22be-4778-9095-003c0acc3ec7",
            "name": "sit",
            "skip_disable_on_destroy": null,
            "status": 1,
            "timeouts": null,
            "type": "prod",
            "updated_at": "2023-09-20T07:32:43Z"
          },
          "sensitive_attributes": [],
          "private": "eyJlMmJmYjczMC1lY2FhLTExZTYtOGY4OC0zNDM2M2JjN2M0YzAiOnsiY3JlYXRlIjozMDAwMDAwMDAwMDAsImRlbGV0ZSI6MzAwMDAwMDAwMDAwLCJ1cGRhdGUiOjMwMDAwMDAwMDAwMH19"
        }
      ]
    }
  ],
  "check_results": null
}
