{
  "version": 4,
  "terraform_version": "1.5.7",
  "serial": 34,
  "lineage": "8b216db8-c1ef-4a6b-313b-70169105d735",
  "outputs": {
    "eps_ids": {
      "value": {
        "dev": "e05bf04f-43d3-4158-8878-6cf91a1221f6",
        "sit": "ed0cc856-a866-4881-bc8f-8d4c2b6892fa"
      },
      "type": [
        "object",
        {
          "dev": "string",
          "sit": "string"
        }
      ]
    }
  },
  "resources": [
    {
      "module": "module.eps",
      "mode": "managed",
      "type": "huaweicloud_enterprise_project",
      "name": "this",
      "provider": "provider[\"registry.terraform.io/huaweicloud/huaweicloud\"]",
      "instances": [
        {
          "index_key": "dev",
          "schema_version": 0,
          "attributes": {
            "created_at": "2023-09-20T10:15:57Z",
            "description": "dev enterprise project",
            "enable": true,
            "id": "e05bf04f-43d3-4158-8878-6cf91a1221f6",
            "name": "dev",
            "skip_disable_on_destroy": null,
            "status": 1,
            "timeouts": null,
            "type": "prod",
            "updated_at": "2023-09-20T10:15:57Z"
          },
          "sensitive_attributes": [],
          "private": "eyJlMmJmYjczMC1lY2FhLTExZTYtOGY4OC0zNDM2M2JjN2M0YzAiOnsiY3JlYXRlIjozMDAwMDAwMDAwMDAsImRlbGV0ZSI6MzAwMDAwMDAwMDAwLCJ1cGRhdGUiOjMwMDAwMDAwMDAwMH19"
        },
        {
          "index_key": "sit",
          "schema_version": 0,
          "attributes": {
            "created_at": "2023-09-20T10:15:57Z",
            "description": "sit enterprise project",
            "enable": true,
            "id": "ed0cc856-a866-4881-bc8f-8d4c2b6892fa",
            "name": "sit",
            "skip_disable_on_destroy": null,
            "status": 1,
            "timeouts": null,
            "type": "prod",
            "updated_at": "2023-09-20T10:15:57Z"
          },
          "sensitive_attributes": [],
          "private": "eyJlMmJmYjczMC1lY2FhLTExZTYtOGY4OC0zNDM2M2JjN2M0YzAiOnsiY3JlYXRlIjozMDAwMDAwMDAwMDAsImRlbGV0ZSI6MzAwMDAwMDAwMDAwLCJ1cGRhdGUiOjMwMDAwMDAwMDAwMH19"
        }
      ]
    },
    {
      "module": "module.lts",
      "mode": "managed",
      "type": "huaweicloud_lts_group",
      "name": "this",
      "provider": "provider[\"registry.terraform.io/huaweicloud/huaweicloud\"]",
      "instances": [
        {
          "index_key": "group1",
          "schema_version": 0,
          "attributes": {
            "group_name": "lts-1",
            "id": "c30cc6e3-e25f-4cae-9f8d-ad166ded4c93",
            "region": null,
            "ttl_in_days": 30
          },
          "sensitive_attributes": [],
          "private": "bnVsbA=="
        },
        {
          "index_key": "group2",
          "schema_version": 0,
          "attributes": {
            "group_name": "lts-2",
            "id": "9418e9b4-cfe9-4ba5-a402-97cd8bf0c538",
            "region": null,
            "ttl_in_days": 30
          },
          "sensitive_attributes": [],
          "private": "bnVsbA=="
        }
      ]
    },
    {
      "module": "module.lts",
      "mode": "managed",
      "type": "huaweicloud_lts_stream",
      "name": "this",
      "provider": "provider[\"registry.terraform.io/huaweicloud/huaweicloud\"]",
      "instances": [
        {
          "index_key": "group1.stream11",
          "schema_version": 0,
          "attributes": {
            "filter_count": 0,
            "group_id": "c30cc6e3-e25f-4cae-9f8d-ad166ded4c93",
            "id": "725e2cf6-25a7-426b-ba3b-bedeadcacfe5",
            "region": null,
            "stream_name": "stream-1-1"
          },
          "sensitive_attributes": [],
          "private": "bnVsbA==",
          "dependencies": [
            "module.lts.huaweicloud_lts_group.this"
          ]
        },
        {
          "index_key": "group1.stream12",
          "schema_version": 0,
          "attributes": {
            "filter_count": 0,
            "group_id": "c30cc6e3-e25f-4cae-9f8d-ad166ded4c93",
            "id": "228ec446-5035-4ad6-b2b3-2fba6380a588",
            "region": null,
            "stream_name": "stream-1-2"
          },
          "sensitive_attributes": [],
          "private": "bnVsbA==",
          "dependencies": [
            "module.lts.huaweicloud_lts_group.this"
          ]
        },
        {
          "index_key": "group2.stream21",
          "schema_version": 0,
          "attributes": {
            "filter_count": 0,
            "group_id": "9418e9b4-cfe9-4ba5-a402-97cd8bf0c538",
            "id": "78c93927-aab9-4af1-800c-af5453a08dfc",
            "region": null,
            "stream_name": "stream-2-1"
          },
          "sensitive_attributes": [],
          "private": "bnVsbA==",
          "dependencies": [
            "module.lts.huaweicloud_lts_group.this"
          ]
        },
        {
          "index_key": "group2.stream22",
          "schema_version": 0,
          "attributes": {
            "filter_count": 0,
            "group_id": "9418e9b4-cfe9-4ba5-a402-97cd8bf0c538",
            "id": "671bbe6a-dfe8-4720-a3ac-afc624cff584",
            "region": null,
            "stream_name": "stream-2-2"
          },
          "sensitive_attributes": [],
          "private": "bnVsbA==",
          "dependencies": [
            "module.lts.huaweicloud_lts_group.this"
          ]
        }
      ]
    },
    {
      "module": "module.vpcs",
      "mode": "managed",
      "type": "huaweicloud_vpc",
      "name": "this",
      "provider": "provider[\"registry.terraform.io/huaweicloud/huaweicloud\"]",
      "instances": [
        {
          "index_key": "vpc1",
          "schema_version": 0,
          "attributes": {
            "cidr": "192.168.0.0/16",
            "description": "",
            "enterprise_project_id": "ed0cc856-a866-4881-bc8f-8d4c2b6892fa",
            "id": "e6d41d24-9665-422d-963a-505071f5e178",
            "name": "vpc-11",
            "region": "ap-southeast-2",
            "routes": [],
            "secondary_cidr": null,
            "status": "OK",
            "tags": null,
            "timeouts": null
          },
          "sensitive_attributes": [],
          "private": "eyJlMmJmYjczMC1lY2FhLTExZTYtOGY4OC0zNDM2M2JjN2M0YzAiOnsiY3JlYXRlIjo2MDAwMDAwMDAwMDAsImRlbGV0ZSI6MTgwMDAwMDAwMDAwfX0=",
          "dependencies": [
            "module.eps.huaweicloud_enterprise_project.this"
          ]
        },
        {
          "index_key": "vpc2",
          "schema_version": 0,
          "attributes": {
            "cidr": "172.16.0.0/16",
            "description": "",
            "enterprise_project_id": "ed0cc856-a866-4881-bc8f-8d4c2b6892fa",
            "id": "a833ac62-233f-41ae-ac73-3e6148ef83b7",
            "name": "vpc-2",
            "region": "ap-southeast-2",
            "routes": [],
            "secondary_cidr": null,
            "status": "OK",
            "tags": null,
            "timeouts": null
          },
          "sensitive_attributes": [],
          "private": "eyJlMmJmYjczMC1lY2FhLTExZTYtOGY4OC0zNDM2M2JjN2M0YzAiOnsiY3JlYXRlIjo2MDAwMDAwMDAwMDAsImRlbGV0ZSI6MTgwMDAwMDAwMDAwfX0=",
          "dependencies": [
            "module.eps.huaweicloud_enterprise_project.this"
          ]
        }
      ]
    },
    {
      "module": "module.vpcs",
      "mode": "managed",
      "type": "huaweicloud_vpc_subnet",
      "name": "this",
      "provider": "provider[\"registry.terraform.io/huaweicloud/huaweicloud\"]",
      "instances": [
        {
          "index_key": "vpc1.subnet11",
          "schema_version": 0,
          "attributes": {
            "availability_zone": "",
            "cidr": "192.168.0.0/24",
            "description": "",
            "dhcp_enable": true,
            "dhcp_lease_time": null,
            "dns_list": [
              "100.125.1.250",
              "100.125.1.251"
            ],
            "gateway_ip": "192.168.0.1",
            "id": "0adabad2-c793-4eb7-9c96-e960e728923b",
            "ipv4_subnet_id": "5a27fdb8-3523-44c9-bb9d-688ff7828539",
            "ipv6_cidr": "",
            "ipv6_enable": false,
            "ipv6_gateway": "",
            "ipv6_subnet_id": "",
            "name": "subnet-1-1-1",
            "ntp_server_address": null,
            "primary_dns": "100.125.1.250",
            "region": "ap-southeast-2",
            "secondary_dns": "100.125.1.251",
            "subnet_id": "5a27fdb8-3523-44c9-bb9d-688ff7828539",
            "tags": null,
            "timeouts": null,
            "vpc_id": "e6d41d24-9665-422d-963a-505071f5e178"
          },
          "sensitive_attributes": [],
          "private": "eyJlMmJmYjczMC1lY2FhLTExZTYtOGY4OC0zNDM2M2JjN2M0YzAiOnsiY3JlYXRlIjozMDAwMDAwMDAwMDAsImRlbGV0ZSI6MzAwMDAwMDAwMDAwfX0=",
          "dependencies": [
            "module.eps.huaweicloud_enterprise_project.this",
            "module.vpcs.huaweicloud_vpc.this"
          ]
        },
        {
          "index_key": "vpc2.subnet21",
          "schema_version": 0,
          "attributes": {
            "availability_zone": "",
            "cidr": "172.16.0.0/24",
            "description": "",
            "dhcp_enable": true,
            "dhcp_lease_time": null,
            "dns_list": [
              "100.125.1.250",
              "100.125.1.251"
            ],
            "gateway_ip": "172.16.0.1",
            "id": "5a4d3235-396e-4cc6-a7a1-88d2b2de75cf",
            "ipv4_subnet_id": "fb60f868-f478-4ec5-b7de-c12548d370f0",
            "ipv6_cidr": "",
            "ipv6_enable": false,
            "ipv6_gateway": "",
            "ipv6_subnet_id": "",
            "name": "subnet-2-1",
            "ntp_server_address": null,
            "primary_dns": "100.125.1.250",
            "region": "ap-southeast-2",
            "secondary_dns": "100.125.1.251",
            "subnet_id": "fb60f868-f478-4ec5-b7de-c12548d370f0",
            "tags": null,
            "timeouts": null,
            "vpc_id": "a833ac62-233f-41ae-ac73-3e6148ef83b7"
          },
          "sensitive_attributes": [],
          "private": "eyJlMmJmYjczMC1lY2FhLTExZTYtOGY4OC0zNDM2M2JjN2M0YzAiOnsiY3JlYXRlIjozMDAwMDAwMDAwMDAsImRlbGV0ZSI6MzAwMDAwMDAwMDAwfX0=",
          "dependencies": [
            "module.eps.huaweicloud_enterprise_project.this",
            "module.vpcs.huaweicloud_vpc.this"
          ]
        }
      ]
    }
  ],
  "check_results": null
}
