{
  "version": 4,
  "terraform_version": "1.5.7",
  "serial": 183,
  "lineage": "8b216db8-c1ef-4a6b-313b-70169105d735",
  "outputs": {
    "eps_ids": {
      "value": {
        "nonprod": "b8c6fb12-17a6-40d4-9e48-353b6ba99690"
      },
      "type": [
        "object",
        {
          "nonprod": "string"
        }
      ]
    },
    "lts_group_ids": {
      "value": {
        "group1": "6f89d17f-4c98-4eb0-afe2-3fa284304833",
        "group2": "be32358a-8f1c-41b1-a839-7579241df1b8"
      },
      "type": [
        "object",
        {
          "group1": "string",
          "group2": "string"
        }
      ]
    },
    "lts_stream_ids": {
      "value": {
        "group1.stream11": "65b66600-0656-40ff-bd54-636c924b1e2d",
        "group1.stream12": "cd7681fd-80ae-435d-879e-67c11821e5c5",
        "group2.stream21": "98a90f05-484d-4431-a7c9-01abff8a51ea",
        "group2.stream22": "cbbc68ca-ac67-4f88-b070-1b9fd94d88ce"
      },
      "type": [
        "object",
        {
          "group1.stream11": "string",
          "group1.stream12": "string",
          "group2.stream21": "string",
          "group2.stream22": "string"
        }
      ]
    },
    "sg_ids": {
      "value": {
        "sg1": "d79788bf-8f5f-4a24-800b-d68aba55614a"
      },
      "type": [
        "object",
        {
          "sg1": "string"
        }
      ]
    },
    "subnet_ids": {
      "value": {
        "vpc1.subnet11": "59fd2a73-4fa0-44fb-9c6a-6cf9a4f1a195",
        "vpc1.subnet12": "887078cd-dec8-410c-93c7-b4b18b68fd5c",
        "vpc2.subnet21": "048eeafb-6fdd-4507-afe3-0a5113d6e578",
        "vpc2.subnet22": "cd55745c-fde5-4bed-9a8d-0b13781b5c4d"
      },
      "type": [
        "object",
        {
          "vpc1.subnet11": "string",
          "vpc1.subnet12": "string",
          "vpc2.subnet21": "string",
          "vpc2.subnet22": "string"
        }
      ]
    },
    "vpc_ids": {
      "value": {
        "vpc1": "c5d294f8-ace9-4f8a-bb64-74e5b409def2",
        "vpc2": "63f00bc8-4485-4312-a81d-bebca77fb475"
      },
      "type": [
        "object",
        {
          "vpc1": "string",
          "vpc2": "string"
        }
      ]
    },
    "vpc_peering_ids": {
      "value": {
        "peering1": "8c0f134d-9d10-4a6f-a299-5ff128d05a5f"
      },
      "type": [
        "object",
        {
          "peering1": "string"
        }
      ]
    }
  },
  "resources": [
    {
      "module": "module.ecs",
      "mode": "data",
      "type": "huaweicloud_images_image",
      "name": "myimage",
      "provider": "provider[\"registry.terraform.io/huaweicloud/huaweicloud\"]",
      "instances": [
        {
          "index_key": "test1",
          "schema_version": 0,
          "attributes": {
            "architecture": null,
            "backup_id": "",
            "checksum": "99914b932bd37a50b983c5e7c90ae93b",
            "container_format": "bare",
            "created_at": "2020-03-27T13:07:20Z",
            "disk_format": "zvhd2",
            "enterprise_project_id": "",
            "file": "/v2/images/20c1830a-184e-4bab-818d-bc9d87ca40b3/file",
            "flavor_id": null,
            "id": "20c1830a-184e-4bab-818d-bc9d87ca40b3",
            "image_type": "FusionCompute",
            "metadata": null,
            "min_disk_gb": 40,
            "min_ram_mb": 1024,
            "most_recent": true,
            "name": "CentOS 8.0 64bit",
            "name_regex": null,
            "os": "CentOS",
            "os_version": "CentOS 8.0 64bit",
            "owner": "51e6a67e20df47a08a1f6528bbbd18f7",
            "protected": true,
            "region": null,
            "schema": "/v2/schemas/image",
            "size_bytes": 2056015872,
            "size_max": null,
            "size_min": null,
            "sort_direction": "asc",
            "sort_key": "name",
            "status": "active",
            "tag": null,
            "updated_at": "2023-08-22T15:09:27Z",
            "visibility": "public"
          },
          "sensitive_attributes": []
        },
        {
          "index_key": "test2",
          "schema_version": 0,
          "attributes": {
            "architecture": null,
            "backup_id": "",
            "checksum": "99914b932bd37a50b983c5e7c90ae93b",
            "container_format": "bare",
            "created_at": "2020-03-27T13:07:20Z",
            "disk_format": "zvhd2",
            "enterprise_project_id": "",
            "file": "/v2/images/20c1830a-184e-4bab-818d-bc9d87ca40b3/file",
            "flavor_id": null,
            "id": "20c1830a-184e-4bab-818d-bc9d87ca40b3",
            "image_type": "FusionCompute",
            "metadata": null,
            "min_disk_gb": 40,
            "min_ram_mb": 1024,
            "most_recent": true,
            "name": "CentOS 8.0 64bit",
            "name_regex": null,
            "os": "CentOS",
            "os_version": "CentOS 8.0 64bit",
            "owner": "51e6a67e20df47a08a1f6528bbbd18f7",
            "protected": true,
            "region": null,
            "schema": "/v2/schemas/image",
            "size_bytes": 2056015872,
            "size_max": null,
            "size_min": null,
            "sort_direction": "asc",
            "sort_key": "name",
            "status": "active",
            "tag": null,
            "updated_at": "2023-08-22T15:09:27Z",
            "visibility": "public"
          },
          "sensitive_attributes": []
        }
      ]
    },
    {
      "module": "module.ecs",
      "mode": "managed",
      "type": "huaweicloud_compute_instance",
      "name": "this",
      "provider": "provider[\"registry.terraform.io/huaweicloud/huaweicloud\"]",
      "instances": [
        {
          "index_key": "test1",
          "schema_version": 0,
          "attributes": {
            "access_ip_v4": "192.168.0.198",
            "access_ip_v6": "",
            "admin_pass": "Ly67142325@",
            "agency_name": "",
            "agent_list": "",
            "auto_pay": null,
            "auto_renew": null,
            "availability_zone": "ap-southeast-2c",
            "bandwidth": [],
            "charging_mode": "postPaid",
            "created_at": "2023-09-25T09:38:48Z",
            "data_disks": [],
            "delete_disks_on_termination": null,
            "delete_eip_on_termination": true,
            "description": "",
            "eip_id": null,
            "eip_type": null,
            "enterprise_project_id": "0",
            "flavor_id": "s7n.small.1",
            "flavor_name": "s7n.small.1",
            "id": "134a5a11-3b03-4e3a-b838-2a90425f9d6a",
            "image_id": "20c1830a-184e-4bab-818d-bc9d87ca40b3",
            "image_name": "CentOS 8.0 64bit",
            "key_pair": null,
            "name": "test-1",
            "network": [
              {
                "access_network": false,
                "fixed_ip_v4": "192.168.0.198",
                "fixed_ip_v6": "",
                "ipv6_enable": false,
                "mac": "fa:16:3e:9a:f2:b8",
                "port": "96ebc28a-338e-43eb-b41d-a93939d66136",
                "source_dest_check": true,
                "uuid": "59fd2a73-4fa0-44fb-9c6a-6cf9a4f1a195"
              }
            ],
            "period": null,
            "period_unit": null,
            "power_action": null,
            "private_key": null,
            "public_ip": null,
            "region": "ap-southeast-2",
            "scheduler_hints": [],
            "security_group_ids": [
              "d79788bf-8f5f-4a24-800b-d68aba55614a"
            ],
            "security_groups": [
              "sg-1"
            ],
            "spot_duration": null,
            "spot_duration_count": null,
            "spot_maximum_price": null,
            "status": "ACTIVE",
            "stop_before_destroy": false,
            "system_disk_id": "18b7ae1f-ba0d-4f65-9c5a-c92f6e2ec04b",
            "system_disk_kms_key_id": "",
            "system_disk_size": 40,
            "system_disk_type": "GPSSD",
            "tags": {},
            "timeouts": null,
            "updated_at": "2023-09-25T09:45:28Z",
            "user_data": null,
            "user_id": null,
            "volume_attached": [
              {
                "boot_index": 0,
                "kms_key_id": "",
                "pci_address": "0000:02:01.0",
                "size": 40,
                "type": "GPSSD",
                "volume_id": "18b7ae1f-ba0d-4f65-9c5a-c92f6e2ec04b"
              }
            ]
          },
          "sensitive_attributes": [],
          "private": "eyJlMmJmYjczMC1lY2FhLTExZTYtOGY4OC0zNDM2M2JjN2M0YzAiOnsiY3JlYXRlIjoxODAwMDAwMDAwMDAwLCJkZWxldGUiOjE4MDAwMDAwMDAwMDAsInVwZGF0ZSI6MTgwMDAwMDAwMDAwMH19",
          "dependencies": [
            "module.ecs.data.huaweicloud_images_image.myimage",
            "module.eps.huaweicloud_enterprise_project.this",
            "module.sgs.huaweicloud_networking_secgroup.this",
            "module.vpcs.huaweicloud_vpc.this",
            "module.vpcs.huaweicloud_vpc_subnet.this"
          ]
        },
        {
          "index_key": "test2",
          "schema_version": 0,
          "attributes": {
            "access_ip_v4": "172.16.0.138",
            "access_ip_v6": "",
            "admin_pass": "Ly67142325@",
            "agency_name": "",
            "agent_list": "",
            "auto_pay": null,
            "auto_renew": null,
            "availability_zone": "ap-southeast-2c",
            "bandwidth": [],
            "charging_mode": "postPaid",
            "created_at": "2023-09-25T09:41:14Z",
            "data_disks": [],
            "delete_disks_on_termination": null,
            "delete_eip_on_termination": true,
            "description": "",
            "eip_id": null,
            "eip_type": null,
            "enterprise_project_id": "0",
            "flavor_id": "s7n.small.1",
            "flavor_name": "s7n.small.1",
            "id": "e4022404-ad48-4145-846e-3a5f0b230da3",
            "image_id": "20c1830a-184e-4bab-818d-bc9d87ca40b3",
            "image_name": "CentOS 8.0 64bit",
            "key_pair": null,
            "name": "test-2",
            "network": [
              {
                "access_network": false,
                "fixed_ip_v4": "172.16.0.138",
                "fixed_ip_v6": "",
                "ipv6_enable": false,
                "mac": "fa:16:3e:85:75:ff",
                "port": "ca969e43-a7a3-4a64-929a-de92847dddb2",
                "source_dest_check": true,
                "uuid": "048eeafb-6fdd-4507-afe3-0a5113d6e578"
              }
            ],
            "period": null,
            "period_unit": null,
            "power_action": null,
            "private_key": null,
            "public_ip": null,
            "region": "ap-southeast-2",
            "scheduler_hints": [],
            "security_group_ids": [
              "d79788bf-8f5f-4a24-800b-d68aba55614a"
            ],
            "security_groups": [
              "sg-1"
            ],
            "spot_duration": null,
            "spot_duration_count": null,
            "spot_maximum_price": null,
            "status": "ACTIVE",
            "stop_before_destroy": false,
            "system_disk_id": "19bae08b-1705-4adf-9ed3-eb8c796eb6d4",
            "system_disk_kms_key_id": "",
            "system_disk_size": 40,
            "system_disk_type": "GPSSD",
            "tags": {},
            "timeouts": null,
            "updated_at": "2023-09-25T09:45:28Z",
            "user_data": null,
            "user_id": null,
            "volume_attached": [
              {
                "boot_index": 0,
                "kms_key_id": "",
                "pci_address": "0000:02:01.0",
                "size": 40,
                "type": "GPSSD",
                "volume_id": "19bae08b-1705-4adf-9ed3-eb8c796eb6d4"
              }
            ]
          },
          "sensitive_attributes": [],
          "private": "eyJlMmJmYjczMC1lY2FhLTExZTYtOGY4OC0zNDM2M2JjN2M0YzAiOnsiY3JlYXRlIjoxODAwMDAwMDAwMDAwLCJkZWxldGUiOjE4MDAwMDAwMDAwMDAsInVwZGF0ZSI6MTgwMDAwMDAwMDAwMH19",
          "dependencies": [
            "module.ecs.data.huaweicloud_images_image.myimage",
            "module.eps.huaweicloud_enterprise_project.this",
            "module.sgs.huaweicloud_networking_secgroup.this",
            "module.vpcs.huaweicloud_vpc.this",
            "module.vpcs.huaweicloud_vpc_subnet.this"
          ]
        }
      ]
    },
    {
      "module": "module.eps",
      "mode": "managed",
      "type": "huaweicloud_enterprise_project",
      "name": "this",
      "provider": "provider[\"registry.terraform.io/huaweicloud/huaweicloud\"]",
      "instances": [
        {
          "index_key": "nonprod",
          "schema_version": 0,
          "attributes": {
            "created_at": "2023-09-22T09:52:04Z",
            "description": "nonprod enterprise project",
            "enable": true,
            "id": "b8c6fb12-17a6-40d4-9e48-353b6ba99690",
            "name": "nonprod",
            "skip_disable_on_destroy": null,
            "status": 1,
            "timeouts": null,
            "type": "prod",
            "updated_at": "2023-09-22T09:52:04Z"
          },
          "sensitive_attributes": [],
          "private": "eyJlMmJmYjczMC1lY2FhLTExZTYtOGY4OC0zNDM2M2JjN2M0YzAiOnsiY3JlYXRlIjozMDAwMDAwMDAwMDAsImRlbGV0ZSI6MzAwMDAwMDAwMDAwLCJ1cGRhdGUiOjMwMDAwMDAwMDAwMH19"
        }
      ]
    },
    {
      "module": "module.lts",
      "mode": "managed",
      "type": "huaweicloud_lts_group",
      "name": "this",
      "provider": "provider[\"registry.terraform.io/huaweicloud/huaweicloud\"]",
      "instances": [
        {
          "index_key": "group1",
          "schema_version": 0,
          "attributes": {
            "group_name": "group-1",
            "id": "6f89d17f-4c98-4eb0-afe2-3fa284304833",
            "region": null,
            "ttl_in_days": 30
          },
          "sensitive_attributes": [],
          "private": "bnVsbA=="
        },
        {
          "index_key": "group2",
          "schema_version": 0,
          "attributes": {
            "group_name": "group-2",
            "id": "be32358a-8f1c-41b1-a839-7579241df1b8",
            "region": null,
            "ttl_in_days": 30
          },
          "sensitive_attributes": [],
          "private": "bnVsbA=="
        }
      ]
    },
    {
      "module": "module.lts",
      "mode": "managed",
      "type": "huaweicloud_lts_stream",
      "name": "this",
      "provider": "provider[\"registry.terraform.io/huaweicloud/huaweicloud\"]",
      "instances": [
        {
          "index_key": "group1.stream11",
          "schema_version": 0,
          "attributes": {
            "filter_count": 0,
            "group_id": "6f89d17f-4c98-4eb0-afe2-3fa284304833",
            "id": "65b66600-0656-40ff-bd54-636c924b1e2d",
            "region": null,
            "stream_name": "stream-1-1"
          },
          "sensitive_attributes": [],
          "private": "bnVsbA==",
          "dependencies": [
            "module.lts.huaweicloud_lts_group.this"
          ]
        },
        {
          "index_key": "group1.stream12",
          "schema_version": 0,
          "attributes": {
            "filter_count": 0,
            "group_id": "6f89d17f-4c98-4eb0-afe2-3fa284304833",
            "id": "cd7681fd-80ae-435d-879e-67c11821e5c5",
            "region": null,
            "stream_name": "stream-1-2"
          },
          "sensitive_attributes": [],
          "private": "bnVsbA==",
          "dependencies": [
            "module.lts.huaweicloud_lts_group.this"
          ]
        },
        {
          "index_key": "group2.stream21",
          "schema_version": 0,
          "attributes": {
            "filter_count": 0,
            "group_id": "be32358a-8f1c-41b1-a839-7579241df1b8",
            "id": "98a90f05-484d-4431-a7c9-01abff8a51ea",
            "region": null,
            "stream_name": "stream-2-1"
          },
          "sensitive_attributes": [],
          "private": "bnVsbA==",
          "dependencies": [
            "module.lts.huaweicloud_lts_group.this"
          ]
        },
        {
          "index_key": "group2.stream22",
          "schema_version": 0,
          "attributes": {
            "filter_count": 0,
            "group_id": "be32358a-8f1c-41b1-a839-7579241df1b8",
            "id": "cbbc68ca-ac67-4f88-b070-1b9fd94d88ce",
            "region": null,
            "stream_name": "stream-2-2"
          },
          "sensitive_attributes": [],
          "private": "bnVsbA==",
          "dependencies": [
            "module.lts.huaweicloud_lts_group.this"
          ]
        }
      ]
    },
    {
      "module": "module.sgs",
      "mode": "managed",
      "type": "huaweicloud_networking_secgroup",
      "name": "this",
      "provider": "provider[\"registry.terraform.io/huaweicloud/huaweicloud\"]",
      "instances": [
        {
          "index_key": "sg1",
          "schema_version": 0,
          "attributes": {
            "created_at": "2023-09-22T09:52:05Z",
            "delete_default_rules": null,
            "description": "sg-1",
            "enterprise_project_id": "0",
            "id": "d79788bf-8f5f-4a24-800b-d68aba55614a",
            "name": "sg-1",
            "region": "ap-southeast-2",
            "rules": [
              {
                "action": "allow",
                "description": "",
                "direction": "ingress",
                "ethertype": "IPv4",
                "id": "83ea333a-4fcc-4466-8435-7e7531e85fa1",
                "port_range_max": 0,
                "port_range_min": 0,
                "ports": "80,22",
                "priority": 1,
                "protocol": "tcp",
                "remote_address_group_id": "",
                "remote_group_id": "",
                "remote_ip_prefix": "0.0.0.0/0"
              },
              {
                "action": "allow",
                "description": "",
                "direction": "egress",
                "ethertype": "IPv6",
                "id": "8e0e0d6d-963f-4d89-901b-61009f183d55",
                "port_range_max": 0,
                "port_range_min": 0,
                "ports": "",
                "priority": 100,
                "protocol": "",
                "remote_address_group_id": "",
                "remote_group_id": "",
                "remote_ip_prefix": ""
              },
              {
                "action": "allow",
                "description": "",
                "direction": "ingress",
                "ethertype": "IPv6",
                "id": "55af4f95-8dbb-4780-b39b-c2cc21cccf9e",
                "port_range_max": 0,
                "port_range_min": 0,
                "ports": "",
                "priority": 100,
                "protocol": "",
                "remote_address_group_id": "",
                "remote_group_id": "d79788bf-8f5f-4a24-800b-d68aba55614a",
                "remote_ip_prefix": ""
              },
              {
                "action": "allow",
                "description": "",
                "direction": "egress",
                "ethertype": "IPv4",
                "id": "d2be209c-812c-4faf-a3ac-ea2a1d2d65c6",
                "port_range_max": 0,
                "port_range_min": 0,
                "ports": "",
                "priority": 100,
                "protocol": "",
                "remote_address_group_id": "",
                "remote_group_id": "",
                "remote_ip_prefix": ""
              },
              {
                "action": "allow",
                "description": "",
                "direction": "ingress",
                "ethertype": "IPv4",
                "id": "5b70e697-1d13-4039-bd7b-7b675ca673ca",
                "port_range_max": 0,
                "port_range_min": 0,
                "ports": "",
                "priority": 100,
                "protocol": "",
                "remote_address_group_id": "",
                "remote_group_id": "d79788bf-8f5f-4a24-800b-d68aba55614a",
                "remote_ip_prefix": ""
              }
            ],
            "timeouts": null,
            "updated_at": "2023-09-22T09:52:05Z"
          },
          "sensitive_attributes": [],
          "private": "eyJlMmJmYjczMC1lY2FhLTExZTYtOGY4OC0zNDM2M2JjN2M0YzAiOnsiZGVsZXRlIjo2MDAwMDAwMDAwMDB9fQ=="
        }
      ]
    },
    {
      "module": "module.sgs",
      "mode": "managed",
      "type": "huaweicloud_networking_secgroup_rule",
      "name": "this",
      "provider": "provider[\"registry.terraform.io/huaweicloud/huaweicloud\"]",
      "instances": [
        {
          "index_key": "sg1.rule1",
          "schema_version": 0,
          "attributes": {
            "action": "allow",
            "description": "",
            "direction": "ingress",
            "ethertype": "IPv4",
            "id": "83ea333a-4fcc-4466-8435-7e7531e85fa1",
            "port_range_max": 0,
            "port_range_min": 0,
            "ports": "80,22",
            "priority": 1,
            "protocol": "tcp",
            "region": "ap-southeast-2",
            "remote_address_group_id": "",
            "remote_group_id": "",
            "remote_ip_prefix": "0.0.0.0/0",
            "security_group_id": "d79788bf-8f5f-4a24-800b-d68aba55614a",
            "timeouts": null
          },
          "sensitive_attributes": [],
          "private": "eyJlMmJmYjczMC1lY2FhLTExZTYtOGY4OC0zNDM2M2JjN2M0YzAiOnsiZGVsZXRlIjo2MDAwMDAwMDAwMDB9fQ==",
          "dependencies": [
            "module.sgs.huaweicloud_networking_secgroup.this"
          ]
        }
      ]
    },
    {
      "module": "module.vpcs",
      "mode": "managed",
      "type": "huaweicloud_vpc",
      "name": "this",
      "provider": "provider[\"registry.terraform.io/huaweicloud/huaweicloud\"]",
      "instances": [
        {
          "index_key": "vpc1",
          "schema_version": 0,
          "attributes": {
            "cidr": "192.168.0.0/16",
            "description": "",
            "enterprise_project_id": "b8c6fb12-17a6-40d4-9e48-353b6ba99690",
            "id": "c5d294f8-ace9-4f8a-bb64-74e5b409def2",
            "name": "vpc-1",
            "region": "ap-southeast-2",
            "routes": [],
            "secondary_cidr": null,
            "status": "OK",
            "tags": {},
            "timeouts": null
          },
          "sensitive_attributes": [],
          "private": "eyJlMmJmYjczMC1lY2FhLTExZTYtOGY4OC0zNDM2M2JjN2M0YzAiOnsiY3JlYXRlIjo2MDAwMDAwMDAwMDAsImRlbGV0ZSI6MTgwMDAwMDAwMDAwfX0=",
          "dependencies": [
            "module.eps.huaweicloud_enterprise_project.this"
          ]
        },
        {
          "index_key": "vpc2",
          "schema_version": 0,
          "attributes": {
            "cidr": "172.16.0.0/16",
            "description": "",
            "enterprise_project_id": "b8c6fb12-17a6-40d4-9e48-353b6ba99690",
            "id": "63f00bc8-4485-4312-a81d-bebca77fb475",
            "name": "vpc-2",
            "region": "ap-southeast-2",
            "routes": [],
            "secondary_cidr": null,
            "status": "OK",
            "tags": {},
            "timeouts": null
          },
          "sensitive_attributes": [],
          "private": "eyJlMmJmYjczMC1lY2FhLTExZTYtOGY4OC0zNDM2M2JjN2M0YzAiOnsiY3JlYXRlIjo2MDAwMDAwMDAwMDAsImRlbGV0ZSI6MTgwMDAwMDAwMDAwfX0=",
          "dependencies": [
            "module.eps.huaweicloud_enterprise_project.this"
          ]
        }
      ]
    },
    {
      "module": "module.vpcs",
      "mode": "managed",
      "type": "huaweicloud_vpc_flow_log",
      "name": "this",
      "provider": "provider[\"registry.terraform.io/huaweicloud/huaweicloud\"]",
      "instances": [
        {
          "index_key": "vpcFlowLog1",
          "schema_version": 0,
          "attributes": {
            "description": "",
            "enabled": true,
            "id": "58d20d1e-e214-4c7c-b1a0-5dfd125c5144",
            "log_group_id": "6f89d17f-4c98-4eb0-afe2-3fa284304833",
            "log_stream_id": "65b66600-0656-40ff-bd54-636c924b1e2d",
            "name": "vpc-flow-log-1",
            "region": "ap-southeast-2",
            "resource_id": "59fd2a73-4fa0-44fb-9c6a-6cf9a4f1a195",
            "resource_type": "network",
            "status": "ACTIVE",
            "traffic_type": "all"
          },
          "sensitive_attributes": [],
          "private": "bnVsbA==",
          "dependencies": [
            "module.eps.huaweicloud_enterprise_project.this",
            "module.lts.huaweicloud_lts_group.this",
            "module.lts.huaweicloud_lts_stream.this",
            "module.vpcs.huaweicloud_vpc.this",
            "module.vpcs.huaweicloud_vpc_subnet.this"
          ]
        },
        {
          "index_key": "vpcFlowLog2",
          "schema_version": 0,
          "attributes": {
            "description": "",
            "enabled": true,
            "id": "6f82f6b5-c5b6-43e1-8d34-96e9369e462f",
            "log_group_id": "6f89d17f-4c98-4eb0-afe2-3fa284304833",
            "log_stream_id": "cd7681fd-80ae-435d-879e-67c11821e5c5",
            "name": "vpc-flow-log-2",
            "region": "ap-southeast-2",
            "resource_id": "887078cd-dec8-410c-93c7-b4b18b68fd5c",
            "resource_type": "network",
            "status": "ACTIVE",
            "traffic_type": "all"
          },
          "sensitive_attributes": [],
          "private": "bnVsbA==",
          "dependencies": [
            "module.eps.huaweicloud_enterprise_project.this",
            "module.lts.huaweicloud_lts_group.this",
            "module.lts.huaweicloud_lts_stream.this",
            "module.vpcs.huaweicloud_vpc.this",
            "module.vpcs.huaweicloud_vpc_subnet.this"
          ]
        }
      ]
    },
    {
      "module": "module.vpcs",
      "mode": "managed",
      "type": "huaweicloud_vpc_peering_connection",
      "name": "this",
      "provider": "provider[\"registry.terraform.io/huaweicloud/huaweicloud\"]",
      "instances": [
        {
          "index_key": "peering1",
          "schema_version": 0,
          "attributes": {
            "description": "",
            "id": "8c0f134d-9d10-4a6f-a299-5ff128d05a5f",
            "name": "vpc1-to-vpc2",
            "peer_tenant_id": "c53cb6388046429f89ea275525b35f9d",
            "peer_vpc_id": "63f00bc8-4485-4312-a81d-bebca77fb475",
            "region": "ap-southeast-2",
            "status": "ACTIVE",
            "timeouts": null,
            "vpc_id": "c5d294f8-ace9-4f8a-bb64-74e5b409def2"
          },
          "sensitive_attributes": [],
          "private": "eyJlMmJmYjczMC1lY2FhLTExZTYtOGY4OC0zNDM2M2JjN2M0YzAiOnsiY3JlYXRlIjo2MDAwMDAwMDAwMDAsImRlbGV0ZSI6NjAwMDAwMDAwMDAwfX0=",
          "dependencies": [
            "module.eps.huaweicloud_enterprise_project.this",
            "module.vpcs.huaweicloud_vpc.this"
          ]
        }
      ]
    },
    {
      "module": "module.vpcs",
      "mode": "managed",
      "type": "huaweicloud_vpc_route",
      "name": "this",
      "provider": "provider[\"registry.terraform.io/huaweicloud/huaweicloud\"]",
      "instances": [
        {
          "index_key": "route1",
          "schema_version": 0,
          "attributes": {
            "description": "",
            "destination": "172.16.0.0/16",
            "id": "c6d1a0ec-c8cf-4866-ac37-5c5c9996c995/172.16.0.0/16",
            "nexthop": "8c0f134d-9d10-4a6f-a299-5ff128d05a5f",
            "region": "ap-southeast-2",
            "route_table_id": "c6d1a0ec-c8cf-4866-ac37-5c5c9996c995",
            "route_table_name": "rtb-vpc-1",
            "timeouts": null,
            "type": "peering",
            "vpc_id": "c5d294f8-ace9-4f8a-bb64-74e5b409def2"
          },
          "sensitive_attributes": [],
          "private": "eyJlMmJmYjczMC1lY2FhLTExZTYtOGY4OC0zNDM2M2JjN2M0YzAiOnsiY3JlYXRlIjo2MDAwMDAwMDAwMDAsImRlbGV0ZSI6NjAwMDAwMDAwMDAwfX0=",
          "dependencies": [
            "module.eps.huaweicloud_enterprise_project.this",
            "module.vpcs.huaweicloud_vpc.this",
            "module.vpcs.huaweicloud_vpc_peering_connection.this"
          ]
        },
        {
          "index_key": "route2",
          "schema_version": 0,
          "attributes": {
            "description": "",
            "destination": "192.168.0.0/16",
            "id": "e7e26e5c-dc4f-48bf-a7c9-8720ea16696b/192.168.0.0/16",
            "nexthop": "8c0f134d-9d10-4a6f-a299-5ff128d05a5f",
            "region": "ap-southeast-2",
            "route_table_id": "e7e26e5c-dc4f-48bf-a7c9-8720ea16696b",
            "route_table_name": "rtb-vpc-2",
            "timeouts": null,
            "type": "peering",
            "vpc_id": "63f00bc8-4485-4312-a81d-bebca77fb475"
          },
          "sensitive_attributes": [],
          "private": "eyJlMmJmYjczMC1lY2FhLTExZTYtOGY4OC0zNDM2M2JjN2M0YzAiOnsiY3JlYXRlIjo2MDAwMDAwMDAwMDAsImRlbGV0ZSI6NjAwMDAwMDAwMDAwfX0=",
          "dependencies": [
            "module.eps.huaweicloud_enterprise_project.this",
            "module.vpcs.huaweicloud_vpc.this",
            "module.vpcs.huaweicloud_vpc_peering_connection.this"
          ]
        }
      ]
    },
    {
      "module": "module.vpcs",
      "mode": "managed",
      "type": "huaweicloud_vpc_subnet",
      "name": "this",
      "provider": "provider[\"registry.terraform.io/huaweicloud/huaweicloud\"]",
      "instances": [
        {
          "index_key": "vpc1.subnet11",
          "schema_version": 0,
          "attributes": {
            "availability_zone": "",
            "cidr": "192.168.0.0/24",
            "description": "",
            "dhcp_enable": true,
            "dhcp_lease_time": null,
            "dns_list": [
              "100.125.1.250",
              "100.125.1.251"
            ],
            "gateway_ip": "192.168.0.1",
            "id": "59fd2a73-4fa0-44fb-9c6a-6cf9a4f1a195",
            "ipv4_subnet_id": "372b333e-6013-47d8-ad5a-b58c4f334e6c",
            "ipv6_cidr": "",
            "ipv6_enable": false,
            "ipv6_gateway": "",
            "ipv6_subnet_id": "",
            "name": "subnet-1-1",
            "ntp_server_address": null,
            "primary_dns": "100.125.1.250",
            "region": "ap-southeast-2",
            "secondary_dns": "100.125.1.251",
            "subnet_id": "372b333e-6013-47d8-ad5a-b58c4f334e6c",
            "tags": {},
            "timeouts": null,
            "vpc_id": "c5d294f8-ace9-4f8a-bb64-74e5b409def2"
          },
          "sensitive_attributes": [],
          "private": "eyJlMmJmYjczMC1lY2FhLTExZTYtOGY4OC0zNDM2M2JjN2M0YzAiOnsiY3JlYXRlIjozMDAwMDAwMDAwMDAsImRlbGV0ZSI6MzAwMDAwMDAwMDAwfX0=",
          "dependencies": [
            "module.eps.huaweicloud_enterprise_project.this",
            "module.vpcs.huaweicloud_vpc.this"
          ]
        },
        {
          "index_key": "vpc1.subnet12",
          "schema_version": 0,
          "attributes": {
            "availability_zone": "",
            "cidr": "192.168.1.0/24",
            "description": "",
            "dhcp_enable": true,
            "dhcp_lease_time": null,
            "dns_list": [
              "100.125.1.250",
              "100.125.1.251"
            ],
            "gateway_ip": "192.168.1.1",
            "id": "887078cd-dec8-410c-93c7-b4b18b68fd5c",
            "ipv4_subnet_id": "dc117b48-cdc1-4179-825f-6acf9a734948",
            "ipv6_cidr": "",
            "ipv6_enable": false,
            "ipv6_gateway": "",
            "ipv6_subnet_id": "",
            "name": "subnet-1-2",
            "ntp_server_address": null,
            "primary_dns": "100.125.1.250",
            "region": "ap-southeast-2",
            "secondary_dns": "100.125.1.251",
            "subnet_id": "dc117b48-cdc1-4179-825f-6acf9a734948",
            "tags": {},
            "timeouts": null,
            "vpc_id": "c5d294f8-ace9-4f8a-bb64-74e5b409def2"
          },
          "sensitive_attributes": [],
          "private": "eyJlMmJmYjczMC1lY2FhLTExZTYtOGY4OC0zNDM2M2JjN2M0YzAiOnsiY3JlYXRlIjozMDAwMDAwMDAwMDAsImRlbGV0ZSI6MzAwMDAwMDAwMDAwfX0=",
          "dependencies": [
            "module.eps.huaweicloud_enterprise_project.this",
            "module.vpcs.huaweicloud_vpc.this"
          ]
        },
        {
          "index_key": "vpc2.subnet21",
          "schema_version": 0,
          "attributes": {
            "availability_zone": "",
            "cidr": "172.16.0.0/24",
            "description": "",
            "dhcp_enable": true,
            "dhcp_lease_time": null,
            "dns_list": [
              "100.125.1.250",
              "100.125.1.251"
            ],
            "gateway_ip": "172.16.0.1",
            "id": "048eeafb-6fdd-4507-afe3-0a5113d6e578",
            "ipv4_subnet_id": "acd168dc-38c2-4d8d-9cd8-68db1fd831a0",
            "ipv6_cidr": "",
            "ipv6_enable": false,
            "ipv6_gateway": "",
            "ipv6_subnet_id": "",
            "name": "subnet-2-1",
            "ntp_server_address": null,
            "primary_dns": "100.125.1.250",
            "region": "ap-southeast-2",
            "secondary_dns": "100.125.1.251",
            "subnet_id": "acd168dc-38c2-4d8d-9cd8-68db1fd831a0",
            "tags": {},
            "timeouts": null,
            "vpc_id": "63f00bc8-4485-4312-a81d-bebca77fb475"
          },
          "sensitive_attributes": [],
          "private": "eyJlMmJmYjczMC1lY2FhLTExZTYtOGY4OC0zNDM2M2JjN2M0YzAiOnsiY3JlYXRlIjozMDAwMDAwMDAwMDAsImRlbGV0ZSI6MzAwMDAwMDAwMDAwfX0=",
          "dependencies": [
            "module.eps.huaweicloud_enterprise_project.this",
            "module.vpcs.huaweicloud_vpc.this"
          ]
        },
        {
          "index_key": "vpc2.subnet22",
          "schema_version": 0,
          "attributes": {
            "availability_zone": "",
            "cidr": "172.16.1.0/24",
            "description": "",
            "dhcp_enable": true,
            "dhcp_lease_time": null,
            "dns_list": [
              "100.125.1.250",
              "100.125.1.251"
            ],
            "gateway_ip": "172.16.1.1",
            "id": "cd55745c-fde5-4bed-9a8d-0b13781b5c4d",
            "ipv4_subnet_id": "475e9903-41ba-4452-80d1-d2c12844213f",
            "ipv6_cidr": "",
            "ipv6_enable": false,
            "ipv6_gateway": "",
            "ipv6_subnet_id": "",
            "name": "subnet-2-2",
            "ntp_server_address": null,
            "primary_dns": "100.125.1.250",
            "region": "ap-southeast-2",
            "secondary_dns": "100.125.1.251",
            "subnet_id": "475e9903-41ba-4452-80d1-d2c12844213f",
            "tags": {},
            "timeouts": null,
            "vpc_id": "63f00bc8-4485-4312-a81d-bebca77fb475"
          },
          "sensitive_attributes": [],
          "private": "eyJlMmJmYjczMC1lY2FhLTExZTYtOGY4OC0zNDM2M2JjN2M0YzAiOnsiY3JlYXRlIjozMDAwMDAwMDAwMDAsImRlbGV0ZSI6MzAwMDAwMDAwMDAwfX0=",
          "dependencies": [
            "module.eps.huaweicloud_enterprise_project.this",
            "module.vpcs.huaweicloud_vpc.this"
          ]
        }
      ]
    }
  ],
  "check_results": null
}
