{
  "version": 4,
  "terraform_version": "1.5.7",
  "serial": 71,
  "lineage": "8b216db8-c1ef-4a6b-313b-70169105d735",
  "outputs": {
    "eps_ids": {
      "value": {
        "dev": "e05bf04f-43d3-4158-8878-6cf91a1221f6",
        "sit": "ed0cc856-a866-4881-bc8f-8d4c2b6892fa"
      },
      "type": [
        "object",
        {
          "dev": "string",
          "sit": "string"
        }
      ]
    },
    "lts_group_ids": {
      "value": {
        "group1": "a8581c36-ce62-408e-a57c-e1d4a84c0343",
        "group2": "49c5461f-c29a-40ed-9578-dc2c2a71196f"
      },
      "type": [
        "object",
        {
          "group1": "string",
          "group2": "string"
        }
      ]
    },
    "lts_stream_ids": {
      "value": {
        "group1.stream11": "e31ab2f5-409e-4fc1-a614-9fba5f3a2f33",
        "group1.stream12": "5f7b330c-f4b5-4f1d-a47d-e3608e0b537d",
        "group2.stream21": "e82f0974-2d31-4e29-8ca6-8b548a296616",
        "group2.stream22": "e34d4602-5c19-4799-8aa6-5f6cf373d117"
      },
      "type": [
        "object",
        {
          "group1.stream11": "string",
          "group1.stream12": "string",
          "group2.stream21": "string",
          "group2.stream22": "string"
        }
      ]
    },
    "subnet_ids": {
      "value": {
        "vpc1.subnet11": "0adabad2-c793-4eb7-9c96-e960e728923b",
        "vpc1.subnet12": "62041cde-aae2-4474-b209-97d517bdb3f5",
        "vpc2.subnet21": "5a4d3235-396e-4cc6-a7a1-88d2b2de75cf",
        "vpc2.subnet22": "73c91144-9d46-4744-a0e7-b4bf155e9827"
      },
      "type": [
        "object",
        {
          "vpc1.subnet11": "string",
          "vpc1.subnet12": "string",
          "vpc2.subnet21": "string",
          "vpc2.subnet22": "string"
        }
      ]
    },
    "vpc_ids": {
      "value": {
        "vpc1": "e6d41d24-9665-422d-963a-505071f5e178",
        "vpc2": "a833ac62-233f-41ae-ac73-3e6148ef83b7"
      },
      "type": [
        "object",
        {
          "vpc1": "string",
          "vpc2": "string"
        }
      ]
    }
  },
  "resources": [
    {
      "module": "module.eps",
      "mode": "managed",
      "type": "huaweicloud_enterprise_project",
      "name": "this",
      "provider": "provider[\"registry.terraform.io/huaweicloud/huaweicloud\"]",
      "instances": [
        {
          "index_key": "dev",
          "schema_version": 0,
          "attributes": {
            "created_at": "2023-09-20T10:15:57Z",
            "description": "dev enterprise project",
            "enable": true,
            "id": "e05bf04f-43d3-4158-8878-6cf91a1221f6",
            "name": "dev",
            "skip_disable_on_destroy": null,
            "status": 1,
            "timeouts": null,
            "type": "prod",
            "updated_at": "2023-09-20T10:15:57Z"
          },
          "sensitive_attributes": [],
          "private": "eyJlMmJmYjczMC1lY2FhLTExZTYtOGY4OC0zNDM2M2JjN2M0YzAiOnsiY3JlYXRlIjozMDAwMDAwMDAwMDAsImRlbGV0ZSI6MzAwMDAwMDAwMDAwLCJ1cGRhdGUiOjMwMDAwMDAwMDAwMH19"
        },
        {
          "index_key": "sit",
          "schema_version": 0,
          "attributes": {
            "created_at": "2023-09-20T10:15:57Z",
            "description": "sit enterprise project",
            "enable": true,
            "id": "ed0cc856-a866-4881-bc8f-8d4c2b6892fa",
            "name": "sit",
            "skip_disable_on_destroy": null,
            "status": 1,
            "timeouts": null,
            "type": "prod",
            "updated_at": "2023-09-20T10:15:57Z"
          },
          "sensitive_attributes": [],
          "private": "eyJlMmJmYjczMC1lY2FhLTExZTYtOGY4OC0zNDM2M2JjN2M0YzAiOnsiY3JlYXRlIjozMDAwMDAwMDAwMDAsImRlbGV0ZSI6MzAwMDAwMDAwMDAwLCJ1cGRhdGUiOjMwMDAwMDAwMDAwMH19"
        }
      ]
    },
    {
      "module": "module.lts",
      "mode": "managed",
      "type": "huaweicloud_lts_group",
      "name": "this",
      "provider": "provider[\"registry.terraform.io/huaweicloud/huaweicloud\"]",
      "instances": [
        {
          "index_key": "group1",
          "schema_version": 0,
          "attributes": {
            "group_name": "group-1",
            "id": "a8581c36-ce62-408e-a57c-e1d4a84c0343",
            "region": null,
            "ttl_in_days": 30
          },
          "sensitive_attributes": [],
          "private": "bnVsbA=="
        },
        {
          "index_key": "group2",
          "schema_version": 0,
          "attributes": {
            "group_name": "group-2",
            "id": "49c5461f-c29a-40ed-9578-dc2c2a71196f",
            "region": null,
            "ttl_in_days": 30
          },
          "sensitive_attributes": [],
          "private": "bnVsbA=="
        }
      ]
    },
    {
      "module": "module.lts",
      "mode": "managed",
      "type": "huaweicloud_lts_stream",
      "name": "this",
      "provider": "provider[\"registry.terraform.io/huaweicloud/huaweicloud\"]",
      "instances": [
        {
          "index_key": "group1.stream11",
          "schema_version": 0,
          "attributes": {
            "filter_count": 0,
            "group_id": "a8581c36-ce62-408e-a57c-e1d4a84c0343",
            "id": "e31ab2f5-409e-4fc1-a614-9fba5f3a2f33",
            "region": null,
            "stream_name": "stream-1-1"
          },
          "sensitive_attributes": [],
          "private": "bnVsbA==",
          "dependencies": [
            "module.lts.huaweicloud_lts_group.this"
          ]
        },
        {
          "index_key": "group1.stream12",
          "schema_version": 0,
          "attributes": {
            "filter_count": 0,
            "group_id": "a8581c36-ce62-408e-a57c-e1d4a84c0343",
            "id": "5f7b330c-f4b5-4f1d-a47d-e3608e0b537d",
            "region": null,
            "stream_name": "stream-1-2"
          },
          "sensitive_attributes": [],
          "private": "bnVsbA==",
          "dependencies": [
            "module.lts.huaweicloud_lts_group.this"
          ]
        },
        {
          "index_key": "group2.stream21",
          "schema_version": 0,
          "attributes": {
            "filter_count": 0,
            "group_id": "49c5461f-c29a-40ed-9578-dc2c2a71196f",
            "id": "e82f0974-2d31-4e29-8ca6-8b548a296616",
            "region": null,
            "stream_name": "stream-2-1"
          },
          "sensitive_attributes": [],
          "private": "bnVsbA==",
          "dependencies": [
            "module.lts.huaweicloud_lts_group.this"
          ]
        },
        {
          "index_key": "group2.stream22",
          "schema_version": 0,
          "attributes": {
            "filter_count": 0,
            "group_id": "49c5461f-c29a-40ed-9578-dc2c2a71196f",
            "id": "e34d4602-5c19-4799-8aa6-5f6cf373d117",
            "region": null,
            "stream_name": "stream-2-2"
          },
          "sensitive_attributes": [],
          "private": "bnVsbA==",
          "dependencies": [
            "module.lts.huaweicloud_lts_group.this"
          ]
        }
      ]
    },
    {
      "module": "module.vpcs",
      "mode": "managed",
      "type": "huaweicloud_vpc",
      "name": "this",
      "provider": "provider[\"registry.terraform.io/huaweicloud/huaweicloud\"]",
      "instances": [
        {
          "index_key": "vpc1",
          "schema_version": 0,
          "attributes": {
            "cidr": "192.168.0.0/16",
            "description": "",
            "enterprise_project_id": "ed0cc856-a866-4881-bc8f-8d4c2b6892fa",
            "id": "e6d41d24-9665-422d-963a-505071f5e178",
            "name": "vpc-1",
            "region": "ap-southeast-2",
            "routes": [],
            "secondary_cidr": null,
            "status": "OK",
            "tags": {},
            "timeouts": null
          },
          "sensitive_attributes": [],
          "private": "eyJlMmJmYjczMC1lY2FhLTExZTYtOGY4OC0zNDM2M2JjN2M0YzAiOnsiY3JlYXRlIjo2MDAwMDAwMDAwMDAsImRlbGV0ZSI6MTgwMDAwMDAwMDAwfX0=",
          "dependencies": [
            "module.eps.huaweicloud_enterprise_project.this"
          ]
        },
        {
          "index_key": "vpc2",
          "schema_version": 0,
          "attributes": {
            "cidr": "172.16.0.0/16",
            "description": "",
            "enterprise_project_id": "ed0cc856-a866-4881-bc8f-8d4c2b6892fa",
            "id": "a833ac62-233f-41ae-ac73-3e6148ef83b7",
            "name": "vpc-2",
            "region": "ap-southeast-2",
            "routes": [],
            "secondary_cidr": null,
            "status": "OK",
            "tags": {},
            "timeouts": null
          },
          "sensitive_attributes": [],
          "private": "eyJlMmJmYjczMC1lY2FhLTExZTYtOGY4OC0zNDM2M2JjN2M0YzAiOnsiY3JlYXRlIjo2MDAwMDAwMDAwMDAsImRlbGV0ZSI6MTgwMDAwMDAwMDAwfX0=",
          "dependencies": [
            "module.eps.huaweicloud_enterprise_project.this"
          ]
        }
      ]
    },
    {
      "module": "module.vpcs",
      "mode": "managed",
      "type": "huaweicloud_vpc_flow_log",
      "name": "this",
      "provider": "provider[\"registry.terraform.io/huaweicloud/huaweicloud\"]",
      "instances": [
        {
          "index_key": "vpcFlowLog1",
          "schema_version": 0,
          "attributes": {
            "description": "",
            "enabled": true,
            "id": "9f903a9e-a57a-4db6-97b0-2fed6e39b37e",
            "log_group_id": "a8581c36-ce62-408e-a57c-e1d4a84c0343",
            "log_stream_id": "e31ab2f5-409e-4fc1-a614-9fba5f3a2f33",
            "name": "vpc-flow-log-1",
            "region": "ap-southeast-2",
            "resource_id": "0adabad2-c793-4eb7-9c96-e960e728923b",
            "resource_type": "network",
            "status": "ACTIVE",
            "traffic_type": "all"
          },
          "sensitive_attributes": [],
          "private": "bnVsbA==",
          "dependencies": [
            "module.eps.huaweicloud_enterprise_project.this",
            "module.lts.huaweicloud_lts_group.this",
            "module.lts.huaweicloud_lts_stream.this",
            "module.vpcs.huaweicloud_vpc.this",
            "module.vpcs.huaweicloud_vpc_subnet.this"
          ]
        }
      ]
    },
    {
      "module": "module.vpcs",
      "mode": "managed",
      "type": "huaweicloud_vpc_subnet",
      "name": "this",
      "provider": "provider[\"registry.terraform.io/huaweicloud/huaweicloud\"]",
      "instances": [
        {
          "index_key": "vpc1.subnet11",
          "schema_version": 0,
          "attributes": {
            "availability_zone": "",
            "cidr": "192.168.0.0/24",
            "description": "",
            "dhcp_enable": true,
            "dhcp_lease_time": null,
            "dns_list": [
              "100.125.1.250",
              "100.125.1.251"
            ],
            "gateway_ip": "192.168.0.1",
            "id": "0adabad2-c793-4eb7-9c96-e960e728923b",
            "ipv4_subnet_id": "5a27fdb8-3523-44c9-bb9d-688ff7828539",
            "ipv6_cidr": "",
            "ipv6_enable": false,
            "ipv6_gateway": "",
            "ipv6_subnet_id": "",
            "name": "subnet-1-1",
            "ntp_server_address": null,
            "primary_dns": "100.125.1.250",
            "region": "ap-southeast-2",
            "secondary_dns": "100.125.1.251",
            "subnet_id": "5a27fdb8-3523-44c9-bb9d-688ff7828539",
            "tags": {},
            "timeouts": null,
            "vpc_id": "e6d41d24-9665-422d-963a-505071f5e178"
          },
          "sensitive_attributes": [],
          "private": "eyJlMmJmYjczMC1lY2FhLTExZTYtOGY4OC0zNDM2M2JjN2M0YzAiOnsiY3JlYXRlIjozMDAwMDAwMDAwMDAsImRlbGV0ZSI6MzAwMDAwMDAwMDAwfX0=",
          "dependencies": [
            "module.eps.huaweicloud_enterprise_project.this",
            "module.vpcs.huaweicloud_vpc.this"
          ]
        },
        {
          "index_key": "vpc1.subnet12",
          "schema_version": 0,
          "attributes": {
            "availability_zone": "",
            "cidr": "192.168.1.0/24",
            "description": "",
            "dhcp_enable": true,
            "dhcp_lease_time": null,
            "dns_list": [
              "100.125.1.250",
              "100.125.1.251"
            ],
            "gateway_ip": "192.168.1.1",
            "id": "62041cde-aae2-4474-b209-97d517bdb3f5",
            "ipv4_subnet_id": "310ac82c-2837-43ed-ae0a-274c81535766",
            "ipv6_cidr": "",
            "ipv6_enable": false,
            "ipv6_gateway": "",
            "ipv6_subnet_id": "",
            "name": "subnet-1-2",
            "ntp_server_address": null,
            "primary_dns": "100.125.1.250",
            "region": "ap-southeast-2",
            "secondary_dns": "100.125.1.251",
            "subnet_id": "310ac82c-2837-43ed-ae0a-274c81535766",
            "tags": {},
            "timeouts": null,
            "vpc_id": "e6d41d24-9665-422d-963a-505071f5e178"
          },
          "sensitive_attributes": [],
          "private": "eyJlMmJmYjczMC1lY2FhLTExZTYtOGY4OC0zNDM2M2JjN2M0YzAiOnsiY3JlYXRlIjozMDAwMDAwMDAwMDAsImRlbGV0ZSI6MzAwMDAwMDAwMDAwfX0=",
          "dependencies": [
            "module.eps.huaweicloud_enterprise_project.this",
            "module.vpcs.huaweicloud_vpc.this"
          ]
        },
        {
          "index_key": "vpc2.subnet21",
          "schema_version": 0,
          "attributes": {
            "availability_zone": "",
            "cidr": "172.16.0.0/24",
            "description": "",
            "dhcp_enable": true,
            "dhcp_lease_time": null,
            "dns_list": [
              "100.125.1.250",
              "100.125.1.251"
            ],
            "gateway_ip": "172.16.0.1",
            "id": "5a4d3235-396e-4cc6-a7a1-88d2b2de75cf",
            "ipv4_subnet_id": "fb60f868-f478-4ec5-b7de-c12548d370f0",
            "ipv6_cidr": "",
            "ipv6_enable": false,
            "ipv6_gateway": "",
            "ipv6_subnet_id": "",
            "name": "subnet-2-1",
            "ntp_server_address": null,
            "primary_dns": "100.125.1.250",
            "region": "ap-southeast-2",
            "secondary_dns": "100.125.1.251",
            "subnet_id": "fb60f868-f478-4ec5-b7de-c12548d370f0",
            "tags": {},
            "timeouts": null,
            "vpc_id": "a833ac62-233f-41ae-ac73-3e6148ef83b7"
          },
          "sensitive_attributes": [],
          "private": "eyJlMmJmYjczMC1lY2FhLTExZTYtOGY4OC0zNDM2M2JjN2M0YzAiOnsiY3JlYXRlIjozMDAwMDAwMDAwMDAsImRlbGV0ZSI6MzAwMDAwMDAwMDAwfX0=",
          "dependencies": [
            "module.eps.huaweicloud_enterprise_project.this",
            "module.vpcs.huaweicloud_vpc.this"
          ]
        },
        {
          "index_key": "vpc2.subnet22",
          "schema_version": 0,
          "attributes": {
            "availability_zone": "",
            "cidr": "172.16.1.0/24",
            "description": "",
            "dhcp_enable": true,
            "dhcp_lease_time": null,
            "dns_list": [
              "100.125.1.250",
              "100.125.1.251"
            ],
            "gateway_ip": "172.16.1.1",
            "id": "73c91144-9d46-4744-a0e7-b4bf155e9827",
            "ipv4_subnet_id": "72f5fce1-9890-4518-9caa-68e0197b2ea3",
            "ipv6_cidr": "",
            "ipv6_enable": false,
            "ipv6_gateway": "",
            "ipv6_subnet_id": "",
            "name": "subnet-2-2",
            "ntp_server_address": null,
            "primary_dns": "100.125.1.250",
            "region": "ap-southeast-2",
            "secondary_dns": "100.125.1.251",
            "subnet_id": "72f5fce1-9890-4518-9caa-68e0197b2ea3",
            "tags": {},
            "timeouts": null,
            "vpc_id": "a833ac62-233f-41ae-ac73-3e6148ef83b7"
          },
          "sensitive_attributes": [],
          "private": "eyJlMmJmYjczMC1lY2FhLTExZTYtOGY4OC0zNDM2M2JjN2M0YzAiOnsiY3JlYXRlIjozMDAwMDAwMDAwMDAsImRlbGV0ZSI6MzAwMDAwMDAwMDAwfX0=",
          "dependencies": [
            "module.eps.huaweicloud_enterprise_project.this",
            "module.vpcs.huaweicloud_vpc.this"
          ]
        }
      ]
    }
  ],
  "check_results": null
}
