{
  "version": 4,
  "terraform_version": "1.5.7",
  "serial": 24,
  "lineage": "8b216db8-c1ef-4a6b-313b-70169105d735",
  "outputs": {},
  "resources": [
    {
      "module": "module.lts",
      "mode": "managed",
      "type": "huaweicloud_lts_group",
      "name": "this",
      "provider": "provider[\"registry.terraform.io/huaweicloud/huaweicloud\"]",
      "instances": [
        {
          "index_key": "group1",
          "schema_version": 0,
          "attributes": {
            "group_name": "lts-1",
            "id": "c30cc6e3-e25f-4cae-9f8d-ad166ded4c93",
            "region": null,
            "ttl_in_days": 30
          },
          "sensitive_attributes": [],
          "private": "bnVsbA=="
        }
      ]
    },
    {
      "module": "module.lts",
      "mode": "managed",
      "type": "huaweicloud_lts_stream",
      "name": "this",
      "provider": "provider[\"registry.terraform.io/huaweicloud/huaweicloud\"]",
      "instances": [
        {
          "index_key": "group1.stream11",
          "schema_version": 0,
          "attributes": {
            "filter_count": 0,
            "group_id": "c30cc6e3-e25f-4cae-9f8d-ad166ded4c93",
            "id": "725e2cf6-25a7-426b-ba3b-bedeadcacfe5",
            "region": null,
            "stream_name": "stream-1-1"
          },
          "sensitive_attributes": [],
          "private": "bnVsbA==",
          "dependencies": [
            "module.lts.huaweicloud_lts_group.this"
          ]
        },
        {
          "index_key": "group1.stream12",
          "schema_version": 0,
          "attributes": {
            "filter_count": 0,
            "group_id": "c30cc6e3-e25f-4cae-9f8d-ad166ded4c93",
            "id": "228ec446-5035-4ad6-b2b3-2fba6380a588",
            "region": null,
            "stream_name": "stream-1-2"
          },
          "sensitive_attributes": [],
          "private": "bnVsbA==",
          "dependencies": [
            "module.lts.huaweicloud_lts_group.this"
          ]
        }
      ]
    }
  ],
  "check_results": null
}
