{
  "version": 4,
  "terraform_version": "1.5.7",
  "serial": 348,
  "lineage": "ae3d9f23-f89e-965c-a2fd-4a9ce43f794a",
  "outputs": {
    "subnet_ids": {
      "value": {
        "vpc1.subnet11": "89144c07-c96d-49f7-aaed-8bb277486a4d",
        "vpc1.subnet12": "01476be7-ffcb-4710-8c08-a95a88f8926a",
        "vpc2.subnet11": "a7dc0822-569c-462d-9297-ba1359015196",
        "vpc2.subnet12": "a3d89387-3f05-4d04-b984-3ae11701dca3"
      },
      "type": [
        "object",
        {
          "vpc1.subnet11": "string",
          "vpc1.subnet12": "string",
          "vpc2.subnet11": "string",
          "vpc2.subnet12": "string"
        }
      ]
    },
    "vpc_ids": {
      "value": {
        "vpc1": "1a60b840-bf2d-4c90-a743-91658bd59a5e",
        "vpc2": "3196567b-27c1-4d6a-a9db-9fac153cbd22"
      },
      "type": [
        "object",
        {
          "vpc1": "string",
          "vpc2": "string"
        }
      ]
    }
  },
  "resources": [
    {
      "mode": "managed",
      "type": "huaweicloud_vpc",
      "name": "this",
      "provider": "provider[\"registry.terraform.io/huaweicloud/huaweicloud\"]",
      "instances": [
        {
          "index_key": "vpc1",
          "schema_version": 0,
          "attributes": {
            "cidr": "192.168.0.0/16",
            "description": "",
            "enterprise_project_id": "0",
            "id": "1a60b840-bf2d-4c90-a743-91658bd59a5e",
            "name": "vpc-1",
            "region": "ap-southeast-2",
            "routes": [],
            "secondary_cidr": null,
            "status": "OK",
            "tags": {},
            "timeouts": null
          },
          "sensitive_attributes": [],
          "private": "eyJlMmJmYjczMC1lY2FhLTExZTYtOGY4OC0zNDM2M2JjN2M0YzAiOnsiY3JlYXRlIjo2MDAwMDAwMDAwMDAsImRlbGV0ZSI6MTgwMDAwMDAwMDAwfX0="
        },
        {
          "index_key": "vpc2",
          "schema_version": 0,
          "attributes": {
            "cidr": "172.16.0.0/16",
            "description": "",
            "enterprise_project_id": "0",
            "id": "3196567b-27c1-4d6a-a9db-9fac153cbd22",
            "name": "vpc-2",
            "region": "ap-southeast-2",
            "routes": [],
            "secondary_cidr": null,
            "status": "OK",
            "tags": {},
            "timeouts": null
          },
          "sensitive_attributes": [],
          "private": "eyJlMmJmYjczMC1lY2FhLTExZTYtOGY4OC0zNDM2M2JjN2M0YzAiOnsiY3JlYXRlIjo2MDAwMDAwMDAwMDAsImRlbGV0ZSI6MTgwMDAwMDAwMDAwfX0="
        }
      ]
    },
    {
      "mode": "managed",
      "type": "huaweicloud_vpc_subnet",
      "name": "this",
      "provider": "provider[\"registry.terraform.io/huaweicloud/huaweicloud\"]",
      "instances": [
        {
          "index_key": "vpc1.subnet11",
          "schema_version": 0,
          "attributes": {
            "availability_zone": "",
            "cidr": "192.168.1.0/24",
            "description": "",
            "dhcp_enable": true,
            "dhcp_lease_time": null,
            "dns_list": [
              "100.125.1.250",
              "100.125.1.251"
            ],
            "gateway_ip": "192.168.1.1",
            "id": "89144c07-c96d-49f7-aaed-8bb277486a4d",
            "ipv4_subnet_id": "d0fda8a4-07df-4224-88e7-05f2c201c0a3",
            "ipv6_cidr": "",
            "ipv6_enable": false,
            "ipv6_gateway": "",
            "ipv6_subnet_id": "",
            "name": "subnet-1-1",
            "ntp_server_address": null,
            "primary_dns": "100.125.1.250",
            "region": "ap-southeast-2",
            "secondary_dns": "100.125.1.251",
            "subnet_id": "d0fda8a4-07df-4224-88e7-05f2c201c0a3",
            "tags": {},
            "timeouts": null,
            "vpc_id": "1a60b840-bf2d-4c90-a743-91658bd59a5e"
          },
          "sensitive_attributes": [],
          "private": "eyJlMmJmYjczMC1lY2FhLTExZTYtOGY4OC0zNDM2M2JjN2M0YzAiOnsiY3JlYXRlIjozMDAwMDAwMDAwMDAsImRlbGV0ZSI6MzAwMDAwMDAwMDAwfX0=",
          "dependencies": [
            "huaweicloud_vpc.this"
          ]
        },
        {
          "index_key": "vpc1.subnet12",
          "schema_version": 0,
          "attributes": {
            "availability_zone": "",
            "cidr": "192.168.2.0/24",
            "description": "",
            "dhcp_enable": true,
            "dhcp_lease_time": null,
            "dns_list": [
              "100.125.1.250",
              "100.125.1.251"
            ],
            "gateway_ip": "192.168.2.1",
            "id": "01476be7-ffcb-4710-8c08-a95a88f8926a",
            "ipv4_subnet_id": "beedd7bd-06d7-42cc-a29b-85f4c034fded",
            "ipv6_cidr": "",
            "ipv6_enable": false,
            "ipv6_gateway": "",
            "ipv6_subnet_id": "",
            "name": "subnet-1-2",
            "ntp_server_address": null,
            "primary_dns": "100.125.1.250",
            "region": "ap-southeast-2",
            "secondary_dns": "100.125.1.251",
            "subnet_id": "beedd7bd-06d7-42cc-a29b-85f4c034fded",
            "tags": {},
            "timeouts": null,
            "vpc_id": "1a60b840-bf2d-4c90-a743-91658bd59a5e"
          },
          "sensitive_attributes": [],
          "private": "eyJlMmJmYjczMC1lY2FhLTExZTYtOGY4OC0zNDM2M2JjN2M0YzAiOnsiY3JlYXRlIjozMDAwMDAwMDAwMDAsImRlbGV0ZSI6MzAwMDAwMDAwMDAwfX0=",
          "dependencies": [
            "huaweicloud_vpc.this"
          ]
        },
        {
          "index_key": "vpc2.subnet11",
          "schema_version": 0,
          "attributes": {
            "availability_zone": "",
            "cidr": "172.16.1.0/24",
            "description": "",
            "dhcp_enable": true,
            "dhcp_lease_time": null,
            "dns_list": [
              "100.125.1.250",
              "100.125.1.251"
            ],
            "gateway_ip": "172.16.1.1",
            "id": "a7dc0822-569c-462d-9297-ba1359015196",
            "ipv4_subnet_id": "d3bdef8e-efc8-4df8-9e6a-3dbce6ce91ab",
            "ipv6_cidr": "",
            "ipv6_enable": false,
            "ipv6_gateway": "",
            "ipv6_subnet_id": "",
            "name": "subnet-2-1",
            "ntp_server_address": null,
            "primary_dns": "100.125.1.250",
            "region": "ap-southeast-2",
            "secondary_dns": "100.125.1.251",
            "subnet_id": "d3bdef8e-efc8-4df8-9e6a-3dbce6ce91ab",
            "tags": {},
            "timeouts": null,
            "vpc_id": "3196567b-27c1-4d6a-a9db-9fac153cbd22"
          },
          "sensitive_attributes": [],
          "private": "eyJlMmJmYjczMC1lY2FhLTExZTYtOGY4OC0zNDM2M2JjN2M0YzAiOnsiY3JlYXRlIjozMDAwMDAwMDAwMDAsImRlbGV0ZSI6MzAwMDAwMDAwMDAwfX0=",
          "dependencies": [
            "huaweicloud_vpc.this"
          ]
        },
        {
          "index_key": "vpc2.subnet12",
          "schema_version": 0,
          "attributes": {
            "availability_zone": "",
            "cidr": "172.16.21.0/24",
            "description": "",
            "dhcp_enable": true,
            "dhcp_lease_time": null,
            "dns_list": [
              "100.125.1.250",
              "100.125.1.251"
            ],
            "gateway_ip": "172.16.21.1",
            "id": "a3d89387-3f05-4d04-b984-3ae11701dca3",
            "ipv4_subnet_id": "41c035b9-0ddf-4ff3-a02d-ae1da9fe60da",
            "ipv6_cidr": "",
            "ipv6_enable": false,
            "ipv6_gateway": "",
            "ipv6_subnet_id": "",
            "name": "subnet-2-2",
            "ntp_server_address": null,
            "primary_dns": "100.125.1.250",
            "region": "ap-southeast-2",
            "secondary_dns": "100.125.1.251",
            "subnet_id": "41c035b9-0ddf-4ff3-a02d-ae1da9fe60da",
            "tags": {},
            "timeouts": null,
            "vpc_id": "3196567b-27c1-4d6a-a9db-9fac153cbd22"
          },
          "sensitive_attributes": [],
          "private": "eyJlMmJmYjczMC1lY2FhLTExZTYtOGY4OC0zNDM2M2JjN2M0YzAiOnsiY3JlYXRlIjozMDAwMDAwMDAwMDAsImRlbGV0ZSI6MzAwMDAwMDAwMDAwfX0=",
          "dependencies": [
            "huaweicloud_vpc.this"
          ]
        }
      ]
    }
  ],
  "check_results": null
}
