{
  "version": 4,
  "terraform_version": "1.5.7",
  "serial": 6,
  "lineage": "c14a6a38-8cad-1014-832e-52df9cb5fe05",
  "outputs": {
    "vpc_ids": {
      "value": {
        "vpc1": "c1141d1b-49df-47fd-af81-bcabf338d740"
      },
      "type": [
        "object",
        {
          "vpc1": "string"
        }
      ]
    }
  },
  "resources": [
    {
      "mode": "managed",
      "type": "huaweicloud_vpc",
      "name": "this",
      "provider": "provider[\"registry.terraform.io/huaweicloud/huaweicloud\"]",
      "instances": [
        {
          "index_key": "vpc1",
          "schema_version": 0,
          "attributes": {
            "cidr": "192.168.32.0/22",
            "description": "",
            "enterprise_project_id": "8bffc0b4-4e5c-4665-80c0-02e4ce502c23",
            "id": "c1141d1b-49df-47fd-af81-bcabf338d740",
            "name": "vpc-nhj-preprod",
            "region": "ap-southeast-2",
            "routes": [],
            "secondary_cidr": null,
            "status": "OK",
            "tags": null,
            "timeouts": null
          },
          "sensitive_attributes": [],
          "private": "eyJlMmJmYjczMC1lY2FhLTExZTYtOGY4OC0zNDM2M2JjN2M0YzAiOnsiY3JlYXRlIjo2MDAwMDAwMDAwMDAsImRlbGV0ZSI6MTgwMDAwMDAwMDAwfX0="
        }
      ]
    },
    {
      "mode": "managed",
      "type": "huaweicloud_vpc_subnet",
      "name": "this",
      "provider": "provider[\"registry.terraform.io/huaweicloud/huaweicloud\"]",
      "instances": [
        {
          "index_key": "0",
          "schema_version": 0,
          "attributes": {
            "availability_zone": "",
            "cidr": "192.168.32.0/24",
            "description": "",
            "dhcp_enable": true,
            "dhcp_lease_time": null,
            "dns_list": [
              "100.125.1.250",
              "100.125.1.251"
            ],
            "gateway_ip": "192.168.32.1",
            "id": "5f0b115c-ba9f-4f1f-94ac-84897fae3218",
            "ipv4_subnet_id": "b83d5f0f-a1ef-4977-bbc6-d94c7a7e6fd9",
            "ipv6_cidr": "",
            "ipv6_enable": false,
            "ipv6_gateway": "",
            "ipv6_subnet_id": "",
            "name": "subnet-nhj-access-preprod",
            "ntp_server_address": null,
            "primary_dns": "100.125.1.250",
            "region": "ap-southeast-2",
            "secondary_dns": "100.125.1.251",
            "subnet_id": "b83d5f0f-a1ef-4977-bbc6-d94c7a7e6fd9",
            "tags": null,
            "timeouts": null,
            "vpc_id": "c1141d1b-49df-47fd-af81-bcabf338d740"
          },
          "sensitive_attributes": [],
          "private": "eyJlMmJmYjczMC1lY2FhLTExZTYtOGY4OC0zNDM2M2JjN2M0YzAiOnsiY3JlYXRlIjozMDAwMDAwMDAwMDAsImRlbGV0ZSI6MzAwMDAwMDAwMDAwfX0=",
          "dependencies": [
            "huaweicloud_vpc.this"
          ]
        },
        {
          "index_key": "1",
          "schema_version": 0,
          "attributes": {
            "availability_zone": "",
            "cidr": "192.168.33.0/24",
            "description": "",
            "dhcp_enable": true,
            "dhcp_lease_time": null,
            "dns_list": [
              "100.125.1.250",
              "100.125.1.251"
            ],
            "gateway_ip": "192.168.33.1",
            "id": "91424fe2-2eab-49ff-bc49-7709c83cdb08",
            "ipv4_subnet_id": "3e106745-5fdf-4556-8010-d83ce19e1d2e",
            "ipv6_cidr": "",
            "ipv6_enable": false,
            "ipv6_gateway": "",
            "ipv6_subnet_id": "",
            "name": "subnet-nhj-app-preprod",
            "ntp_server_address": null,
            "primary_dns": "100.125.1.250",
            "region": "ap-southeast-2",
            "secondary_dns": "100.125.1.251",
            "subnet_id": "3e106745-5fdf-4556-8010-d83ce19e1d2e",
            "tags": null,
            "timeouts": null,
            "vpc_id": "c1141d1b-49df-47fd-af81-bcabf338d740"
          },
          "sensitive_attributes": [],
          "private": "eyJlMmJmYjczMC1lY2FhLTExZTYtOGY4OC0zNDM2M2JjN2M0YzAiOnsiY3JlYXRlIjozMDAwMDAwMDAwMDAsImRlbGV0ZSI6MzAwMDAwMDAwMDAwfX0=",
          "dependencies": [
            "huaweicloud_vpc.this"
          ]
        },
        {
          "index_key": "2",
          "schema_version": 0,
          "attributes": {
            "availability_zone": "",
            "cidr": "192.168.34.0/24",
            "description": "",
            "dhcp_enable": true,
            "dhcp_lease_time": null,
            "dns_list": [
              "100.125.1.250",
              "100.125.1.251"
            ],
            "gateway_ip": "192.168.34.1",
            "id": "4c46b201-9a25-488d-a385-648008052455",
            "ipv4_subnet_id": "b75494fe-d7f1-4714-82c5-e3d9fc4ac289",
            "ipv6_cidr": "",
            "ipv6_enable": false,
            "ipv6_gateway": "",
            "ipv6_subnet_id": "",
            "name": "subnet-nhj-data-preprod",
            "ntp_server_address": null,
            "primary_dns": "100.125.1.250",
            "region": "ap-southeast-2",
            "secondary_dns": "100.125.1.251",
            "subnet_id": "b75494fe-d7f1-4714-82c5-e3d9fc4ac289",
            "tags": null,
            "timeouts": null,
            "vpc_id": "c1141d1b-49df-47fd-af81-bcabf338d740"
          },
          "sensitive_attributes": [],
          "private": "eyJlMmJmYjczMC1lY2FhLTExZTYtOGY4OC0zNDM2M2JjN2M0YzAiOnsiY3JlYXRlIjozMDAwMDAwMDAwMDAsImRlbGV0ZSI6MzAwMDAwMDAwMDAwfX0=",
          "dependencies": [
            "huaweicloud_vpc.this"
          ]
        },
        {
          "index_key": "3",
          "schema_version": 0,
          "attributes": {
            "availability_zone": "",
            "cidr": "192.168.35.0/24",
            "description": "",
            "dhcp_enable": true,
            "dhcp_lease_time": null,
            "dns_list": [
              "100.125.1.250",
              "100.125.1.251"
            ],
            "gateway_ip": "192.168.35.1",
            "id": "7abe86b2-d22a-42b6-a908-66b0f0efb3f4",
            "ipv4_subnet_id": "6f5fe94d-6c8d-4f16-87bc-227626de57ef",
            "ipv6_cidr": "",
            "ipv6_enable": false,
            "ipv6_gateway": "",
            "ipv6_subnet_id": "",
            "name": "subnet-nhj-mgmt-preprod",
            "ntp_server_address": null,
            "primary_dns": "100.125.1.250",
            "region": "ap-southeast-2",
            "secondary_dns": "100.125.1.251",
            "subnet_id": "6f5fe94d-6c8d-4f16-87bc-227626de57ef",
            "tags": null,
            "timeouts": null,
            "vpc_id": "c1141d1b-49df-47fd-af81-bcabf338d740"
          },
          "sensitive_attributes": [],
          "private": "eyJlMmJmYjczMC1lY2FhLTExZTYtOGY4OC0zNDM2M2JjN2M0YzAiOnsiY3JlYXRlIjozMDAwMDAwMDAwMDAsImRlbGV0ZSI6MzAwMDAwMDAwMDAwfX0=",
          "dependencies": [
            "huaweicloud_vpc.this"
          ]
        }
      ]
    }
  ],
  "check_results": null
}
