{
  "version": 4,
  "terraform_version": "1.5.7",
  "serial": 11,
  "lineage": "bc54547f-3599-b0cb-67bc-bfae57e1549e",
  "outputs": {
    "vpc_ids": {
      "value": {
        "vpc1": "8173587a-02af-4add-8eac-9c70c70b39fc",
        "vpc2": "9b600b5b-0368-4ae4-bd1f-aaed73a76921"
      },
      "type": [
        "object",
        {
          "vpc1": "string",
          "vpc2": "string"
        }
      ]
    }
  },
  "resources": [
    {
      "mode": "managed",
      "type": "huaweicloud_vpc",
      "name": "this",
      "provider": "provider[\"registry.terraform.io/huaweicloud/huaweicloud\"]",
      "instances": [
        {
          "index_key": "vpc1",
          "schema_version": 0,
          "attributes": {
            "cidr": "192.168.128.0/22",
            "description": "",
            "enterprise_project_id": "73ea719c-1bba-44e4-ab93-bc828ca89eea",
            "id": "8173587a-02af-4add-8eac-9c70c70b39fc",
            "name": "vpc-nhj-dev-sit",
            "region": "ap-southeast-2",
            "routes": [],
            "secondary_cidr": null,
            "status": "OK",
            "tags": null,
            "timeouts": null
          },
          "sensitive_attributes": [],
          "private": "eyJlMmJmYjczMC1lY2FhLTExZTYtOGY4OC0zNDM2M2JjN2M0YzAiOnsiY3JlYXRlIjo2MDAwMDAwMDAwMDAsImRlbGV0ZSI6MTgwMDAwMDAwMDAwfX0="
        },
        {
          "index_key": "vpc2",
          "schema_version": 0,
          "attributes": {
            "cidr": "192.168.136.0/22",
            "description": "",
            "enterprise_project_id": "73ea719c-1bba-44e4-ab93-bc828ca89eea",
            "id": "9b600b5b-0368-4ae4-bd1f-aaed73a76921",
            "name": "vpc-nhj-uat",
            "region": "ap-southeast-2",
            "routes": [],
            "secondary_cidr": null,
            "status": "OK",
            "tags": null,
            "timeouts": null
          },
          "sensitive_attributes": [],
          "private": "eyJlMmJmYjczMC1lY2FhLTExZTYtOGY4OC0zNDM2M2JjN2M0YzAiOnsiY3JlYXRlIjo2MDAwMDAwMDAwMDAsImRlbGV0ZSI6MTgwMDAwMDAwMDAwfX0="
        }
      ]
    },
    {
      "mode": "managed",
      "type": "huaweicloud_vpc_subnet",
      "name": "this",
      "provider": "provider[\"registry.terraform.io/huaweicloud/huaweicloud\"]",
      "instances": [
        {
          "index_key": "0",
          "schema_version": 0,
          "attributes": {
            "availability_zone": "",
            "cidr": "192.168.128.0/24",
            "description": "",
            "dhcp_enable": true,
            "dhcp_lease_time": null,
            "dns_list": [
              "100.125.1.250",
              "100.125.1.251"
            ],
            "gateway_ip": "192.168.128.1",
            "id": "1ac11b5b-c873-4679-aeeb-ddffdb85945a",
            "ipv4_subnet_id": "12c36aec-156b-43b2-9408-9426889d642a",
            "ipv6_cidr": "",
            "ipv6_enable": false,
            "ipv6_gateway": "",
            "ipv6_subnet_id": "",
            "name": "subnet-nhj-access-dev-sit",
            "ntp_server_address": null,
            "primary_dns": "100.125.1.250",
            "region": "ap-southeast-2",
            "secondary_dns": "100.125.1.251",
            "subnet_id": "12c36aec-156b-43b2-9408-9426889d642a",
            "tags": null,
            "timeouts": null,
            "vpc_id": "8173587a-02af-4add-8eac-9c70c70b39fc"
          },
          "sensitive_attributes": [],
          "private": "eyJlMmJmYjczMC1lY2FhLTExZTYtOGY4OC0zNDM2M2JjN2M0YzAiOnsiY3JlYXRlIjozMDAwMDAwMDAwMDAsImRlbGV0ZSI6MzAwMDAwMDAwMDAwfX0=",
          "dependencies": [
            "huaweicloud_vpc.this"
          ]
        },
        {
          "index_key": "1",
          "schema_version": 0,
          "attributes": {
            "availability_zone": "",
            "cidr": "192.168.129.0/24",
            "description": "",
            "dhcp_enable": true,
            "dhcp_lease_time": null,
            "dns_list": [
              "100.125.1.250",
              "100.125.1.251"
            ],
            "gateway_ip": "192.168.129.1",
            "id": "54b94132-58f6-495d-8e5a-587476f1a3e1",
            "ipv4_subnet_id": "3e9e5e30-9806-42c5-bf52-0b07027ce680",
            "ipv6_cidr": "",
            "ipv6_enable": false,
            "ipv6_gateway": "",
            "ipv6_subnet_id": "",
            "name": "subnet-nhj-app-dev-sit",
            "ntp_server_address": null,
            "primary_dns": "100.125.1.250",
            "region": "ap-southeast-2",
            "secondary_dns": "100.125.1.251",
            "subnet_id": "3e9e5e30-9806-42c5-bf52-0b07027ce680",
            "tags": null,
            "timeouts": null,
            "vpc_id": "8173587a-02af-4add-8eac-9c70c70b39fc"
          },
          "sensitive_attributes": [],
          "private": "eyJlMmJmYjczMC1lY2FhLTExZTYtOGY4OC0zNDM2M2JjN2M0YzAiOnsiY3JlYXRlIjozMDAwMDAwMDAwMDAsImRlbGV0ZSI6MzAwMDAwMDAwMDAwfX0=",
          "dependencies": [
            "huaweicloud_vpc.this"
          ]
        },
        {
          "index_key": "2",
          "schema_version": 0,
          "attributes": {
            "availability_zone": "",
            "cidr": "192.168.130.0/24",
            "description": "",
            "dhcp_enable": true,
            "dhcp_lease_time": null,
            "dns_list": [
              "100.125.1.250",
              "100.125.1.251"
            ],
            "gateway_ip": "192.168.130.1",
            "id": "837579d5-0f01-4546-b83e-af41014ad699",
            "ipv4_subnet_id": "5bf98182-760e-4ab0-971a-15223b55b09d",
            "ipv6_cidr": "",
            "ipv6_enable": false,
            "ipv6_gateway": "",
            "ipv6_subnet_id": "",
            "name": "subnet-nhj-data-dev-sit",
            "ntp_server_address": null,
            "primary_dns": "100.125.1.250",
            "region": "ap-southeast-2",
            "secondary_dns": "100.125.1.251",
            "subnet_id": "5bf98182-760e-4ab0-971a-15223b55b09d",
            "tags": null,
            "timeouts": null,
            "vpc_id": "8173587a-02af-4add-8eac-9c70c70b39fc"
          },
          "sensitive_attributes": [],
          "private": "eyJlMmJmYjczMC1lY2FhLTExZTYtOGY4OC0zNDM2M2JjN2M0YzAiOnsiY3JlYXRlIjozMDAwMDAwMDAwMDAsImRlbGV0ZSI6MzAwMDAwMDAwMDAwfX0=",
          "dependencies": [
            "huaweicloud_vpc.this"
          ]
        },
        {
          "index_key": "3",
          "schema_version": 0,
          "attributes": {
            "availability_zone": "",
            "cidr": "192.168.131.0/24",
            "description": "",
            "dhcp_enable": true,
            "dhcp_lease_time": null,
            "dns_list": [
              "100.125.1.250",
              "100.125.1.251"
            ],
            "gateway_ip": "192.168.131.1",
            "id": "249fad86-7bb3-43e2-b942-37063bbf33b9",
            "ipv4_subnet_id": "b5e39387-37c3-4d1a-8ac1-d1c319f7f0d6",
            "ipv6_cidr": "",
            "ipv6_enable": false,
            "ipv6_gateway": "",
            "ipv6_subnet_id": "",
            "name": "subnet-nhj-mgmt-dev-sit",
            "ntp_server_address": null,
            "primary_dns": "100.125.1.250",
            "region": "ap-southeast-2",
            "secondary_dns": "100.125.1.251",
            "subnet_id": "b5e39387-37c3-4d1a-8ac1-d1c319f7f0d6",
            "tags": null,
            "timeouts": null,
            "vpc_id": "8173587a-02af-4add-8eac-9c70c70b39fc"
          },
          "sensitive_attributes": [],
          "private": "eyJlMmJmYjczMC1lY2FhLTExZTYtOGY4OC0zNDM2M2JjN2M0YzAiOnsiY3JlYXRlIjozMDAwMDAwMDAwMDAsImRlbGV0ZSI6MzAwMDAwMDAwMDAwfX0=",
          "dependencies": [
            "huaweicloud_vpc.this"
          ]
        },
        {
          "index_key": "4",
          "schema_version": 0,
          "attributes": {
            "availability_zone": "",
            "cidr": "192.168.136.0/24",
            "description": "",
            "dhcp_enable": true,
            "dhcp_lease_time": null,
            "dns_list": [
              "100.125.1.250",
              "100.125.1.251"
            ],
            "gateway_ip": "192.168.136.1",
            "id": "a8fc51ab-0d0e-4ec1-aedf-3ba4472be258",
            "ipv4_subnet_id": "b45e7f0e-51d8-415e-8fd4-855a2a541a14",
            "ipv6_cidr": "",
            "ipv6_enable": false,
            "ipv6_gateway": "",
            "ipv6_subnet_id": "",
            "name": "subnet-nhj-access-uat",
            "ntp_server_address": null,
            "primary_dns": "100.125.1.250",
            "region": "ap-southeast-2",
            "secondary_dns": "100.125.1.251",
            "subnet_id": "b45e7f0e-51d8-415e-8fd4-855a2a541a14",
            "tags": null,
            "timeouts": null,
            "vpc_id": "9b600b5b-0368-4ae4-bd1f-aaed73a76921"
          },
          "sensitive_attributes": [],
          "private": "eyJlMmJmYjczMC1lY2FhLTExZTYtOGY4OC0zNDM2M2JjN2M0YzAiOnsiY3JlYXRlIjozMDAwMDAwMDAwMDAsImRlbGV0ZSI6MzAwMDAwMDAwMDAwfX0=",
          "dependencies": [
            "huaweicloud_vpc.this"
          ]
        },
        {
          "index_key": "5",
          "schema_version": 0,
          "attributes": {
            "availability_zone": "",
            "cidr": "192.168.137.0/24",
            "description": "",
            "dhcp_enable": true,
            "dhcp_lease_time": null,
            "dns_list": [
              "100.125.1.250",
              "100.125.1.251"
            ],
            "gateway_ip": "192.168.137.1",
            "id": "cf5669aa-75f7-4a0f-a944-8a2127773022",
            "ipv4_subnet_id": "e242108e-29d8-4431-a73b-356b0ddf7a69",
            "ipv6_cidr": "",
            "ipv6_enable": false,
            "ipv6_gateway": "",
            "ipv6_subnet_id": "",
            "name": "subnet-nhj-app-uat",
            "ntp_server_address": null,
            "primary_dns": "100.125.1.250",
            "region": "ap-southeast-2",
            "secondary_dns": "100.125.1.251",
            "subnet_id": "e242108e-29d8-4431-a73b-356b0ddf7a69",
            "tags": null,
            "timeouts": null,
            "vpc_id": "9b600b5b-0368-4ae4-bd1f-aaed73a76921"
          },
          "sensitive_attributes": [],
          "private": "eyJlMmJmYjczMC1lY2FhLTExZTYtOGY4OC0zNDM2M2JjN2M0YzAiOnsiY3JlYXRlIjozMDAwMDAwMDAwMDAsImRlbGV0ZSI6MzAwMDAwMDAwMDAwfX0=",
          "dependencies": [
            "huaweicloud_vpc.this"
          ]
        },
        {
          "index_key": "6",
          "schema_version": 0,
          "attributes": {
            "availability_zone": "",
            "cidr": "192.168.138.0/24",
            "description": "",
            "dhcp_enable": true,
            "dhcp_lease_time": null,
            "dns_list": [
              "100.125.1.250",
              "100.125.1.251"
            ],
            "gateway_ip": "192.168.138.1",
            "id": "6e5d51f7-9f24-4092-9b12-b5439d6154d7",
            "ipv4_subnet_id": "c49eef60-4952-4c35-a68f-ddc9724e05ad",
            "ipv6_cidr": "",
            "ipv6_enable": false,
            "ipv6_gateway": "",
            "ipv6_subnet_id": "",
            "name": "subnet-nhj-data-uat",
            "ntp_server_address": null,
            "primary_dns": "100.125.1.250",
            "region": "ap-southeast-2",
            "secondary_dns": "100.125.1.251",
            "subnet_id": "c49eef60-4952-4c35-a68f-ddc9724e05ad",
            "tags": null,
            "timeouts": null,
            "vpc_id": "9b600b5b-0368-4ae4-bd1f-aaed73a76921"
          },
          "sensitive_attributes": [],
          "private": "eyJlMmJmYjczMC1lY2FhLTExZTYtOGY4OC0zNDM2M2JjN2M0YzAiOnsiY3JlYXRlIjozMDAwMDAwMDAwMDAsImRlbGV0ZSI6MzAwMDAwMDAwMDAwfX0=",
          "dependencies": [
            "huaweicloud_vpc.this"
          ]
        },
        {
          "index_key": "7",
          "schema_version": 0,
          "attributes": {
            "availability_zone": "",
            "cidr": "192.168.139.0/24",
            "description": "",
            "dhcp_enable": true,
            "dhcp_lease_time": null,
            "dns_list": [
              "100.125.1.250",
              "100.125.1.251"
            ],
            "gateway_ip": "192.168.139.1",
            "id": "15b7483f-b8f6-49bc-8c07-43a3f873925b",
            "ipv4_subnet_id": "30b918e4-e2fa-4121-b119-f1e2fb3ef677",
            "ipv6_cidr": "",
            "ipv6_enable": false,
            "ipv6_gateway": "",
            "ipv6_subnet_id": "",
            "name": "subnet-nhj-mgmt-uat",
            "ntp_server_address": null,
            "primary_dns": "100.125.1.250",
            "region": "ap-southeast-2",
            "secondary_dns": "100.125.1.251",
            "subnet_id": "30b918e4-e2fa-4121-b119-f1e2fb3ef677",
            "tags": null,
            "timeouts": null,
            "vpc_id": "9b600b5b-0368-4ae4-bd1f-aaed73a76921"
          },
          "sensitive_attributes": [],
          "private": "eyJlMmJmYjczMC1lY2FhLTExZTYtOGY4OC0zNDM2M2JjN2M0YzAiOnsiY3JlYXRlIjozMDAwMDAwMDAwMDAsImRlbGV0ZSI6MzAwMDAwMDAwMDAwfX0=",
          "dependencies": [
            "huaweicloud_vpc.this"
          ]
        }
      ]
    }
  ],
  "check_results": null
}
